// !$*UTF8*$!
{
	archiveVersion = 1;
	classes = {
	};
	objectVersion = 46;
	objects = {

/* Begin PBXBuildFile section */
		2712D82B18BBEC5800C59B47 /* FAQ.plist in Resources */ = {isa = PBXBuildFile; fileRef = 2712D82A18BBEC5800C59B47 /* FAQ.plist */; };
		2712D82D18BBEE3700C59B47 /* News.plist in Resources */ = {isa = PBXBuildFile; fileRef = 2712D82C18BBEE3700C59B47 /* News.plist */; };
		2712D83818BC01E600C59B47 /* avatar.png in Resources */ = {isa = PBXBuildFile; fileRef = 2712D82F18BC01E600C59B47 /* avatar.png */; };
		2712D84218BC025700C59B47 /* avatar@2x.png in Resources */ = {isa = PBXBuildFile; fileRef = 2712D84118BC025700C59B47 /* avatar@2x.png */; };
		2716784B18C6DD9100D289E8 /* filter_menu.png in Resources */ = {isa = PBXBuildFile; fileRef = 2716784918C6DD9100D289E8 /* filter_menu.png */; };
		2716784C18C6DD9100D289E8 /* filter_menu@2x.png in Resources */ = {isa = PBXBuildFile; fileRef = 2716784A18C6DD9100D289E8 /* filter_menu@2x.png */; };
		2716785018C6E24900D289E8 /* DataManager.m in Sources */ = {isa = PBXBuildFile; fileRef = 2716784F18C6E24900D289E8 /* DataManager.m */; };
		2716786F18C6FD4A00D289E8 /* libzbar.a in Frameworks */ = {isa = PBXBuildFile; fileRef = 2716786918C6FD4A00D289E8 /* libzbar.a */; };
		2716787018C6FD4A00D289E8 /* zbar-back.png in Resources */ = {isa = PBXBuildFile; fileRef = 2716786B18C6FD4A00D289E8 /* zbar-back.png */; };
		2716787118C6FD4A00D289E8 /* zbar-help.html in Resources */ = {isa = PBXBuildFile; fileRef = 2716786C18C6FD4A00D289E8 /* zbar-help.html */; };
		2716787218C6FD4A00D289E8 /* zbar-helpicons.png in Resources */ = {isa = PBXBuildFile; fileRef = 2716786D18C6FD4A00D289E8 /* zbar-helpicons.png */; };
		2716787318C6FD4A00D289E8 /* zbar-samples.png in Resources */ = {isa = PBXBuildFile; fileRef = 2716786E18C6FD4A00D289E8 /* zbar-samples.png */; };
		2716787518C6FD6D00D289E8 /* AVFoundation.framework in Frameworks */ = {isa = PBXBuildFile; fileRef = 2716787418C6FD6D00D289E8 /* AVFoundation.framework */; };
		2716787718C6FD7400D289E8 /* CoreMedia.framework in Frameworks */ = {isa = PBXBuildFile; fileRef = 2716787618C6FD7400D289E8 /* CoreMedia.framework */; };
		2716787918C6FD7B00D289E8 /* CoreVideo.framework in Frameworks */ = {isa = PBXBuildFile; fileRef = 2716787818C6FD7B00D289E8 /* CoreVideo.framework */; };
		2716787B18C6FD8900D289E8 /* QuartzCore.framework in Frameworks */ = {isa = PBXBuildFile; fileRef = 2716787A18C6FD8900D289E8 /* QuartzCore.framework */; };
		2716787D18C6FD9100D289E8 /* libiconv.dylib in Frameworks */ = {isa = PBXBuildFile; fileRef = 2716787C18C6FD9100D289E8 /* libiconv.dylib */; };
		274BEF4D18B1654C00C49814 /* Foundation.framework in Frameworks */ = {isa = PBXBuildFile; fileRef = 274BEF4C18B1654C00C49814 /* Foundation.framework */; };
		274BEF4F18B1654C00C49814 /* CoreGraphics.framework in Frameworks */ = {isa = PBXBuildFile; fileRef = 274BEF4E18B1654C00C49814 /* CoreGraphics.framework */; };
		274BEF5118B1654C00C49814 /* UIKit.framework in Frameworks */ = {isa = PBXBuildFile; fileRef = 274BEF5018B1654C00C49814 /* UIKit.framework */; };
		274BEF5918B1654C00C49814 /* main.m in Sources */ = {isa = PBXBuildFile; fileRef = 274BEF5818B1654C00C49814 /* main.m */; };
		274BEF5D18B1654C00C49814 /* AppDelegate.m in Sources */ = {isa = PBXBuildFile; fileRef = 274BEF5C18B1654C00C49814 /* AppDelegate.m */; };
		274BEF5F18B1654C00C49814 /* Images.xcassets in Resources */ = {isa = PBXBuildFile; fileRef = 274BEF5E18B1654C00C49814 /* Images.xcassets */; };
		274BEF6618B1654C00C49814 /* XCTest.framework in Frameworks */ = {isa = PBXBuildFile; fileRef = 274BEF6518B1654C00C49814 /* XCTest.framework */; };
		274BEF6718B1654C00C49814 /* Foundation.framework in Frameworks */ = {isa = PBXBuildFile; fileRef = 274BEF4C18B1654C00C49814 /* Foundation.framework */; };
		274BEF6818B1654C00C49814 /* UIKit.framework in Frameworks */ = {isa = PBXBuildFile; fileRef = 274BEF5018B1654C00C49814 /* UIKit.framework */; };
		274BEF7018B1654C00C49814 /* InfoPlist.strings in Resources */ = {isa = PBXBuildFile; fileRef = 274BEF6E18B1654C00C49814 /* InfoPlist.strings */; };
		274BEF7218B1654C00C49814 /* SadkoProtoTests.m in Sources */ = {isa = PBXBuildFile; fileRef = 274BEF7118B1654C00C49814 /* SadkoProtoTests.m */; };
		2795D17518C9249A006CEF6F /* next.png in Resources */ = {isa = PBXBuildFile; fileRef = 2795D17318C9249A006CEF6F /* next.png */; };
		2795D17618C9249A006CEF6F /* next@2x.png in Resources */ = {isa = PBXBuildFile; fileRef = 2795D17418C9249A006CEF6F /* next@2x.png */; };
		2795D1A918C930F4006CEF6F /* JapanPostBarcode.m in Sources */ = {isa = PBXBuildFile; fileRef = 2795D17D18C930F4006CEF6F /* JapanPostBarcode.m */; };
		2795D1AA18C930F4006CEF6F /* NKDAbstractUPCEANBarcode.m in Sources */ = {isa = PBXBuildFile; fileRef = 2795D17F18C930F4006CEF6F /* NKDAbstractUPCEANBarcode.m */; };
		2795D1AB18C930F4006CEF6F /* NKDBarcode.m in Sources */ = {isa = PBXBuildFile; fileRef = 2795D18118C930F4006CEF6F /* NKDBarcode.m */; };
		2795D1AC18C930F4006CEF6F /* NKDBarcodeOffscreenView.m in Sources */ = {isa = PBXBuildFile; fileRef = 2795D18418C930F4006CEF6F /* NKDBarcodeOffscreenView.m */; };
		2795D1AD18C930F4006CEF6F /* NKDCodabarBarcode.m in Sources */ = {isa = PBXBuildFile; fileRef = 2795D18618C930F4006CEF6F /* NKDCodabarBarcode.m */; };
		2795D1AE18C930F4006CEF6F /* NKDCode128Barcode.m in Sources */ = {isa = PBXBuildFile; fileRef = 2795D18818C930F4006CEF6F /* NKDCode128Barcode.m */; };
		2795D1AF18C930F4006CEF6F /* NKDCode39Barcode.m in Sources */ = {isa = PBXBuildFile; fileRef = 2795D18A18C930F4006CEF6F /* NKDCode39Barcode.m */; };
		2795D1B018C930F4006CEF6F /* NKDEAN13Barcode.m in Sources */ = {isa = PBXBuildFile; fileRef = 2795D18C18C930F4006CEF6F /* NKDEAN13Barcode.m */; };
		2795D1B118C930F4006CEF6F /* NKDEAN8Barcode.m in Sources */ = {isa = PBXBuildFile; fileRef = 2795D18E18C930F4006CEF6F /* NKDEAN8Barcode.m */; };
		2795D1B218C930F4006CEF6F /* NKDExtendedCode39Barcode.m in Sources */ = {isa = PBXBuildFile; fileRef = 2795D19018C930F4006CEF6F /* NKDExtendedCode39Barcode.m */; };
		2795D1B318C930F4006CEF6F /* NKDIndustrialTwoOfFiveBarcode.m in Sources */ = {isa = PBXBuildFile; fileRef = 2795D19218C930F4006CEF6F /* NKDIndustrialTwoOfFiveBarcode.m */; };
		2795D1B418C930F4006CEF6F /* NKDInterleavedTwoOfFiveBarcode.m in Sources */ = {isa = PBXBuildFile; fileRef = 2795D19418C930F4006CEF6F /* NKDInterleavedTwoOfFiveBarcode.m */; };
		2795D1B518C930F4006CEF6F /* NKDModifiedPlesseyBarcode.m in Sources */ = {isa = PBXBuildFile; fileRef = 2795D19618C930F4006CEF6F /* NKDModifiedPlesseyBarcode.m */; };
		2795D1B618C930F4006CEF6F /* NKDModifiedPlesseyHexBarcode.m in Sources */ = {isa = PBXBuildFile; fileRef = 2795D19818C930F4006CEF6F /* NKDModifiedPlesseyHexBarcode.m */; };
		2795D1B718C930F4006CEF6F /* NKDPlanetBarcode.m in Sources */ = {isa = PBXBuildFile; fileRef = 2795D19A18C930F4006CEF6F /* NKDPlanetBarcode.m */; };
		2795D1B818C930F4006CEF6F /* NKDPostnetBarcode.m in Sources */ = {isa = PBXBuildFile; fileRef = 2795D19C18C930F4006CEF6F /* NKDPostnetBarcode.m */; };
		2795D1B918C930F4006CEF6F /* NKDRoyalMailBarcode.m in Sources */ = {isa = PBXBuildFile; fileRef = 2795D19E18C930F4006CEF6F /* NKDRoyalMailBarcode.m */; };
		2795D1BA18C930F4006CEF6F /* NKDUPCABarcode.m in Sources */ = {isa = PBXBuildFile; fileRef = 2795D1A018C930F4006CEF6F /* NKDUPCABarcode.m */; };
		2795D1BB18C930F4006CEF6F /* NKDUPCEBarcode.m in Sources */ = {isa = PBXBuildFile; fileRef = 2795D1A218C930F4006CEF6F /* NKDUPCEBarcode.m */; };
		2795D1BC18C930F4006CEF6F /* NSString-UPCEAN.m in Sources */ = {isa = PBXBuildFile; fileRef = 2795D1A418C930F4006CEF6F /* NSString-UPCEAN.m */; };
		2795D1BD18C930F4006CEF6F /* UIImage-NKDBarcode.m in Sources */ = {isa = PBXBuildFile; fileRef = 2795D1A618C930F4006CEF6F /* UIImage-NKDBarcode.m */; };
		2795D1BE18C930F4006CEF6F /* UIImage-Normalize.m in Sources */ = {isa = PBXBuildFile; fileRef = 2795D1A818C930F4006CEF6F /* UIImage-Normalize.m */; };
		27B9503518B6995A00EDBE52 /* banner.png in Resources */ = {isa = PBXBuildFile; fileRef = 27B9503218B6995A00EDBE52 /* banner.png */; };
		27B9503618B6995A00EDBE52 /* banner@2x.png in Resources */ = {isa = PBXBuildFile; fileRef = 27B9503318B6995A00EDBE52 /* banner@2x.png */; };
		27B9503718B6995A00EDBE52 /* logo.png in Resources */ = {isa = PBXBuildFile; fileRef = 27B9503418B6995A00EDBE52 /* logo.png */; };
		27B9503C18B6AA4C00EDBE52 /* UIHumanSchemeViewController.m in Sources */ = {isa = PBXBuildFile; fileRef = 27B9503A18B6AA4B00EDBE52 /* UIHumanSchemeViewController.m */; };
		27B9503D18B6AA4C00EDBE52 /* UIHumanSchemeViewController.xib in Resources */ = {isa = PBXBuildFile; fileRef = 27B9503B18B6AA4B00EDBE52 /* UIHumanSchemeViewController.xib */; };
		27B9504018B6B19200EDBE52 /* Clinics.plist in Resources */ = {isa = PBXBuildFile; fileRef = 27B9503F18B6B19200EDBE52 /* Clinics.plist */; };
		27D90D1B18CFB2DA00C660FF /* UIMainMenuViewController.m in Sources */ = {isa = PBXBuildFile; fileRef = 27D90D1918CFB2DA00C660FF /* UIMainMenuViewController.m */; };
		27D90D1C18CFB2DA00C660FF /* UIMainMenuViewController.xib in Resources */ = {isa = PBXBuildFile; fileRef = 27D90D1A18CFB2DA00C660FF /* UIMainMenuViewController.xib */; };
		60025C0F18C4B6B000725A1C /* faq.png in Resources */ = {isa = PBXBuildFile; fileRef = 60025C0D18C4B6B000725A1C /* faq.png */; };
		60025C1018C4B6B000725A1C /* faq@2x.png in Resources */ = {isa = PBXBuildFile; fileRef = 60025C0E18C4B6B000725A1C /* faq@2x.png */; };
		60025C1418C4C31900725A1C /* UIBonusCardViewController.m in Sources */ = {isa = PBXBuildFile; fileRef = 60025C1218C4C31900725A1C /* UIBonusCardViewController.m */; };
		60025C1518C4C31900725A1C /* UIBonusCardViewController.xib in Resources */ = {isa = PBXBuildFile; fileRef = 60025C1318C4C31900725A1C /* UIBonusCardViewController.xib */; };
		6036753018BC82B2008D2CB5 /* service.png in Resources */ = {isa = PBXBuildFile; fileRef = 6036752E18BC82B2008D2CB5 /* service.png */; };
		6036753118BC82B2008D2CB5 /* service@2x.png in Resources */ = {isa = PBXBuildFile; fileRef = 6036752F18BC82B2008D2CB5 /* service@2x.png */; };
		6036753518BC901A008D2CB5 /* UIInfoViewController.m in Sources */ = {isa = PBXBuildFile; fileRef = 6036753318BC901A008D2CB5 /* UIInfoViewController.m */; };
		6036753618BC901A008D2CB5 /* UIInfoViewController.xib in Resources */ = {isa = PBXBuildFile; fileRef = 6036753418BC901A008D2CB5 /* UIInfoViewController.xib */; };
		6036753A18BCB063008D2CB5 /* UIMapViewController.m in Sources */ = {isa = PBXBuildFile; fileRef = 6036753818BCB063008D2CB5 /* UIMapViewController.m */; };
		6036753B18BCB063008D2CB5 /* UIMapViewController.xib in Resources */ = {isa = PBXBuildFile; fileRef = 6036753918BCB063008D2CB5 /* UIMapViewController.xib */; };
		6036753D18BCB0DF008D2CB5 /* MapKit.framework in Frameworks */ = {isa = PBXBuildFile; fileRef = 6036753C18BCB0DF008D2CB5 /* MapKit.framework */; };
		6096A40618BB6D63008064FC /* UISplashScreenViewController.m in Sources */ = {isa = PBXBuildFile; fileRef = 6096A40518BB6D63008064FC /* UISplashScreenViewController.m */; };
		6096A40818BB6DC8008064FC /* UISplashScreenViewController.xib in Resources */ = {isa = PBXBuildFile; fileRef = 6096A40718BB6DC8008064FC /* UISplashScreenViewController.xib */; };
		6096A40B18BB6EFA008064FC /* Utils.m in Sources */ = {isa = PBXBuildFile; fileRef = 6096A40A18BB6EFA008064FC /* Utils.m */; };
		6096A40F18BB74D9008064FC /* MBProgressHUD.m in Sources */ = {isa = PBXBuildFile; fileRef = 6096A40E18BB74D9008064FC /* MBProgressHUD.m */; };
		6096A41318BB7547008064FC /* Default-568h@2x.png in Resources */ = {isa = PBXBuildFile; fileRef = 6096A41018BB7547008064FC /* Default-568h@2x.png */; };
		6096A41418BB7547008064FC /* Default@2x~iphone.png in Resources */ = {isa = PBXBuildFile; fileRef = 6096A41118BB7547008064FC /* Default@2x~iphone.png */; };
		6096A41518BB7547008064FC /* Default~iphone.png in Resources */ = {isa = PBXBuildFile; fileRef = 6096A41218BB7547008064FC /* Default~iphone.png */; };
		60A0562118CA047200EBFC27 /* InfoPlist.strings in Resources */ = {isa = PBXBuildFile; fileRef = 60A0561F18CA047200EBFC27 /* InfoPlist.strings */; };
		60ACF4ED18B6256E00A16C2F /* UIMainScreenViewController.m in Sources */ = {isa = PBXBuildFile; fileRef = 60ACF4EB18B6256E00A16C2F /* UIMainScreenViewController.m */; };
		60ACF4EE18B6256E00A16C2F /* UIMainScreenViewController.xib in Resources */ = {isa = PBXBuildFile; fileRef = 60ACF4EC18B6256E00A16C2F /* UIMainScreenViewController.xib */; };
		60ACF4F118B6261700A16C2F /* UIBaseViewController.m in Sources */ = {isa = PBXBuildFile; fileRef = 60ACF4F018B6261700A16C2F /* UIBaseViewController.m */; };
		60ACF4F718B6264C00A16C2F /* NSString+Helper.m in Sources */ = {isa = PBXBuildFile; fileRef = 60ACF4F418B6264C00A16C2F /* NSString+Helper.m */; };
		60ACF4F818B6264C00A16C2F /* UIImage+Extensions.m in Sources */ = {isa = PBXBuildFile; fileRef = 60ACF4F618B6264C00A16C2F /* UIImage+Extensions.m */; };
		60ACF4FD18B6273B00A16C2F /* README in Resources */ = {isa = PBXBuildFile; fileRef = 60ACF4FC18B6273B00A16C2F /* README */; };
		60ACF50218B6289B00A16C2F /* back.png in Resources */ = {isa = PBXBuildFile; fileRef = 60ACF50018B6289B00A16C2F /* back.png */; };
		60ACF50318B6289B00A16C2F /* back@2x.png in Resources */ = {isa = PBXBuildFile; fileRef = 60ACF50118B6289B00A16C2F /* back@2x.png */; };
		60ACF50718B6405E00A16C2F /* UIAboutViewController.m in Sources */ = {isa = PBXBuildFile; fileRef = 60ACF50518B6405E00A16C2F /* UIAboutViewController.m */; };
		60ACF50818B6405E00A16C2F /* UIAboutViewController.xib in Resources */ = {isa = PBXBuildFile; fileRef = 60ACF50618B6405E00A16C2F /* UIAboutViewController.xib */; };
		60ACF50C18B640BF00A16C2F /* UIDoctorCategoryViewController.m in Sources */ = {isa = PBXBuildFile; fileRef = 60ACF50A18B640BF00A16C2F /* UIDoctorCategoryViewController.m */; };
		60ACF50D18B640BF00A16C2F /* UIDoctorCategoryViewController.xib in Resources */ = {isa = PBXBuildFile; fileRef = 60ACF50B18B640BF00A16C2F /* UIDoctorCategoryViewController.xib */; };
		60ACF51118B640D100A16C2F /* UIDoctorListViewController.m in Sources */ = {isa = PBXBuildFile; fileRef = 60ACF50F18B640D100A16C2F /* UIDoctorListViewController.m */; };
		60ACF51218B640D100A16C2F /* UIDoctorListViewController.xib in Resources */ = {isa = PBXBuildFile; fileRef = 60ACF51018B640D100A16C2F /* UIDoctorListViewController.xib */; };
		60ACF51618B6411B00A16C2F /* UIDoctorDetailsViewController.m in Sources */ = {isa = PBXBuildFile; fileRef = 60ACF51418B6411B00A16C2F /* UIDoctorDetailsViewController.m */; };
		60ACF51718B6411B00A16C2F /* UIDoctorDetailsViewController.xib in Resources */ = {isa = PBXBuildFile; fileRef = 60ACF51518B6411B00A16C2F /* UIDoctorDetailsViewController.xib */; };
		60ACF51B18B641B200A16C2F /* UIServiceListViewController.m in Sources */ = {isa = PBXBuildFile; fileRef = 60ACF51918B641B200A16C2F /* UIServiceListViewController.m */; };
		60ACF51C18B641B200A16C2F /* UIServiceListViewController.xib in Resources */ = {isa = PBXBuildFile; fileRef = 60ACF51A18B641B200A16C2F /* UIServiceListViewController.xib */; };
		60ACF52018B641CF00A16C2F /* UIServiceDetailsViewController.m in Sources */ = {isa = PBXBuildFile; fileRef = 60ACF51E18B641CF00A16C2F /* UIServiceDetailsViewController.m */; };
		60ACF52118B641CF00A16C2F /* UIServiceDetailsViewController.xib in Resources */ = {isa = PBXBuildFile; fileRef = 60ACF51F18B641CF00A16C2F /* UIServiceDetailsViewController.xib */; };
		60ACF52518B641EC00A16C2F /* UINewsViewController.m in Sources */ = {isa = PBXBuildFile; fileRef = 60ACF52318B641EC00A16C2F /* UINewsViewController.m */; };
		60ACF52618B641EC00A16C2F /* UINewsViewController.xib in Resources */ = {isa = PBXBuildFile; fileRef = 60ACF52418B641EC00A16C2F /* UINewsViewController.xib */; };
		60ACF52A18B6420700A16C2F /* UINewsDetailsViewController.m in Sources */ = {isa = PBXBuildFile; fileRef = 60ACF52818B6420700A16C2F /* UINewsDetailsViewController.m */; };
		60ACF52B18B6420700A16C2F /* UINewsDetailsViewController.xib in Resources */ = {isa = PBXBuildFile; fileRef = 60ACF52918B6420700A16C2F /* UINewsDetailsViewController.xib */; };
		60ACF52F18B643B900A16C2F /* UITopTenQuestionsViewController.m in Sources */ = {isa = PBXBuildFile; fileRef = 60ACF52D18B643B900A16C2F /* UITopTenQuestionsViewController.m */; };
		60ACF53018B643B900A16C2F /* UITopTenQuestionsViewController.xib in Resources */ = {isa = PBXBuildFile; fileRef = 60ACF52E18B643B900A16C2F /* UITopTenQuestionsViewController.xib */; };
		60ACF53418B643D400A16C2F /* UIQuestionAnswerViewController.m in Sources */ = {isa = PBXBuildFile; fileRef = 60ACF53218B643D400A16C2F /* UIQuestionAnswerViewController.m */; };
		60ACF53518B643D400A16C2F /* UIQuestionAnswerViewController.xib in Resources */ = {isa = PBXBuildFile; fileRef = 60ACF53318B643D400A16C2F /* UIQuestionAnswerViewController.xib */; };
		60ACF53918B6441000A16C2F /* UISymptomsViewController.m in Sources */ = {isa = PBXBuildFile; fileRef = 60ACF53718B6441000A16C2F /* UISymptomsViewController.m */; };
		60ACF53A18B6441000A16C2F /* UISymptomsViewController.xib in Resources */ = {isa = PBXBuildFile; fileRef = 60ACF53818B6441000A16C2F /* UISymptomsViewController.xib */; };
		60ACF53E18B6446100A16C2F /* UIBranchListViewController.m in Sources */ = {isa = PBXBuildFile; fileRef = 60ACF53C18B6446100A16C2F /* UIBranchListViewController.m */; };
		60ACF53F18B6446100A16C2F /* UIBranchListViewController.xib in Resources */ = {isa = PBXBuildFile; fileRef = 60ACF53D18B6446100A16C2F /* UIBranchListViewController.xib */; };
		60ACF54318B6447900A16C2F /* UIBranchDetailsViewController.m in Sources */ = {isa = PBXBuildFile; fileRef = 60ACF54118B6447900A16C2F /* UIBranchDetailsViewController.m */; };
		60ACF54418B6447900A16C2F /* UIBranchDetailsViewController.xib in Resources */ = {isa = PBXBuildFile; fileRef = 60ACF54218B6447900A16C2F /* UIBranchDetailsViewController.xib */; };
		60F96E1518C0AAE1003FB8E6 /* Service.m in Sources */ = {isa = PBXBuildFile; fileRef = 60F96E1418C0AAE1003FB8E6 /* Service.m */; };
		60F96E2318C0C8AE003FB8E6 /* UIBranchFilterViewController.m in Sources */ = {isa = PBXBuildFile; fileRef = 60F96E2118C0C8AE003FB8E6 /* UIBranchFilterViewController.m */; };
		60F96E2418C0C8AE003FB8E6 /* UIBranchFilterViewController.xib in Resources */ = {isa = PBXBuildFile; fileRef = 60F96E2218C0C8AE003FB8E6 /* UIBranchFilterViewController.xib */; };
/* End PBXBuildFile section */

/* Begin PBXContainerItemProxy section */
		274BEF6918B1654C00C49814 /* PBXContainerItemProxy */ = {
			isa = PBXContainerItemProxy;
			containerPortal = 274BEF4118B1654C00C49814 /* Project object */;
			proxyType = 1;
			remoteGlobalIDString = 274BEF4818B1654C00C49814;
			remoteInfo = SadkoProto;
		};
/* End PBXContainerItemProxy section */

/* Begin PBXFileReference section */
		2712D82A18BBEC5800C59B47 /* FAQ.plist */ = {isa = PBXFileReference; fileEncoding = 4; lastKnownFileType = text.plist.xml; path = FAQ.plist; sourceTree = "<group>"; };
		2712D82C18BBEE3700C59B47 /* News.plist */ = {isa = PBXFileReference; fileEncoding = 4; lastKnownFileType = text.plist.xml; path = News.plist; sourceTree = "<group>"; };
		2712D82F18BC01E600C59B47 /* avatar.png */ = {isa = PBXFileReference; lastKnownFileType = image.png; path = avatar.png; sourceTree = "<group>"; };
		2712D84118BC025700C59B47 /* avatar@2x.png */ = {isa = PBXFileReference; lastKnownFileType = image.png; path = "avatar@2x.png"; sourceTree = "<group>"; };
		2716784918C6DD9100D289E8 /* filter_menu.png */ = {isa = PBXFileReference; lastKnownFileType = image.png; path = filter_menu.png; sourceTree = "<group>"; };
		2716784A18C6DD9100D289E8 /* filter_menu@2x.png */ = {isa = PBXFileReference; lastKnownFileType = image.png; path = "filter_menu@2x.png"; sourceTree = "<group>"; };
		2716784D18C6E22F00D289E8 /* SynthesizeSingleton.h */ = {isa = PBXFileReference; fileEncoding = 4; lastKnownFileType = sourcecode.c.h; path = SynthesizeSingleton.h; sourceTree = "<group>"; };
		2716784E18C6E24900D289E8 /* DataManager.h */ = {isa = PBXFileReference; fileEncoding = 4; lastKnownFileType = sourcecode.c.h; path = DataManager.h; sourceTree = "<group>"; };
		2716784F18C6E24900D289E8 /* DataManager.m */ = {isa = PBXFileReference; fileEncoding = 4; lastKnownFileType = sourcecode.c.objc; path = DataManager.m; sourceTree = "<group>"; };
		2716785518C6FD4A00D289E8 /* Decoder.h */ = {isa = PBXFileReference; fileEncoding = 4; lastKnownFileType = sourcecode.c.h; path = Decoder.h; sourceTree = "<group>"; };
		2716785618C6FD4A00D289E8 /* Exception.h */ = {isa = PBXFileReference; fileEncoding = 4; lastKnownFileType = sourcecode.c.h; path = Exception.h; sourceTree = "<group>"; };
		2716785718C6FD4A00D289E8 /* Image.h */ = {isa = PBXFileReference; fileEncoding = 4; lastKnownFileType = sourcecode.c.h; path = Image.h; sourceTree = "<group>"; };
		2716785818C6FD4A00D289E8 /* ImageScanner.h */ = {isa = PBXFileReference; fileEncoding = 4; lastKnownFileType = sourcecode.c.h; path = ImageScanner.h; sourceTree = "<group>"; };
		2716785918C6FD4A00D289E8 /* Processor.h */ = {isa = PBXFileReference; fileEncoding = 4; lastKnownFileType = sourcecode.c.h; path = Processor.h; sourceTree = "<group>"; };
		2716785A18C6FD4A00D289E8 /* Scanner.h */ = {isa = PBXFileReference; fileEncoding = 4; lastKnownFileType = sourcecode.c.h; path = Scanner.h; sourceTree = "<group>"; };
		2716785B18C6FD4A00D289E8 /* Symbol.h */ = {isa = PBXFileReference; fileEncoding = 4; lastKnownFileType = sourcecode.c.h; path = Symbol.h; sourceTree = "<group>"; };
		2716785C18C6FD4A00D289E8 /* Video.h */ = {isa = PBXFileReference; fileEncoding = 4; lastKnownFileType = sourcecode.c.h; path = Video.h; sourceTree = "<group>"; };
		2716785D18C6FD4A00D289E8 /* Window.h */ = {isa = PBXFileReference; fileEncoding = 4; lastKnownFileType = sourcecode.c.h; path = Window.h; sourceTree = "<group>"; };
		2716785E18C6FD4A00D289E8 /* zbar.h */ = {isa = PBXFileReference; fileEncoding = 4; lastKnownFileType = sourcecode.c.h; path = zbar.h; sourceTree = "<group>"; };
		2716785F18C6FD4A00D289E8 /* ZBarCameraSimulator.h */ = {isa = PBXFileReference; fileEncoding = 4; lastKnownFileType = sourcecode.c.h; path = ZBarCameraSimulator.h; sourceTree = "<group>"; };
		2716786018C6FD4A00D289E8 /* ZBarCaptureReader.h */ = {isa = PBXFileReference; fileEncoding = 4; lastKnownFileType = sourcecode.c.h; path = ZBarCaptureReader.h; sourceTree = "<group>"; };
		2716786118C6FD4A00D289E8 /* ZBarHelpController.h */ = {isa = PBXFileReference; fileEncoding = 4; lastKnownFileType = sourcecode.c.h; path = ZBarHelpController.h; sourceTree = "<group>"; };
		2716786218C6FD4A00D289E8 /* ZBarImage.h */ = {isa = PBXFileReference; fileEncoding = 4; lastKnownFileType = sourcecode.c.h; path = ZBarImage.h; sourceTree = "<group>"; };
		2716786318C6FD4A00D289E8 /* ZBarImageScanner.h */ = {isa = PBXFileReference; fileEncoding = 4; lastKnownFileType = sourcecode.c.h; path = ZBarImageScanner.h; sourceTree = "<group>"; };
		2716786418C6FD4A00D289E8 /* ZBarReaderController.h */ = {isa = PBXFileReference; fileEncoding = 4; lastKnownFileType = sourcecode.c.h; path = ZBarReaderController.h; sourceTree = "<group>"; };
		2716786518C6FD4A00D289E8 /* ZBarReaderView.h */ = {isa = PBXFileReference; fileEncoding = 4; lastKnownFileType = sourcecode.c.h; path = ZBarReaderView.h; sourceTree = "<group>"; };
		2716786618C6FD4A00D289E8 /* ZBarReaderViewController.h */ = {isa = PBXFileReference; fileEncoding = 4; lastKnownFileType = sourcecode.c.h; path = ZBarReaderViewController.h; sourceTree = "<group>"; };
		2716786718C6FD4A00D289E8 /* ZBarSDK.h */ = {isa = PBXFileReference; fileEncoding = 4; lastKnownFileType = sourcecode.c.h; path = ZBarSDK.h; sourceTree = "<group>"; };
		2716786818C6FD4A00D289E8 /* ZBarSymbol.h */ = {isa = PBXFileReference; fileEncoding = 4; lastKnownFileType = sourcecode.c.h; path = ZBarSymbol.h; sourceTree = "<group>"; };
		2716786918C6FD4A00D289E8 /* libzbar.a */ = {isa = PBXFileReference; lastKnownFileType = archive.ar; path = libzbar.a; sourceTree = "<group>"; };
		2716786B18C6FD4A00D289E8 /* zbar-back.png */ = {isa = PBXFileReference; lastKnownFileType = image.png; path = "zbar-back.png"; sourceTree = "<group>"; };
		2716786C18C6FD4A00D289E8 /* zbar-help.html */ = {isa = PBXFileReference; fileEncoding = 4; lastKnownFileType = text.html; path = "zbar-help.html"; sourceTree = "<group>"; };
		2716786D18C6FD4A00D289E8 /* zbar-helpicons.png */ = {isa = PBXFileReference; lastKnownFileType = image.png; path = "zbar-helpicons.png"; sourceTree = "<group>"; };
		2716786E18C6FD4A00D289E8 /* zbar-samples.png */ = {isa = PBXFileReference; lastKnownFileType = image.png; path = "zbar-samples.png"; sourceTree = "<group>"; };
		2716787418C6FD6D00D289E8 /* AVFoundation.framework */ = {isa = PBXFileReference; lastKnownFileType = wrapper.framework; name = AVFoundation.framework; path = System/Library/Frameworks/AVFoundation.framework; sourceTree = SDKROOT; };
		2716787618C6FD7400D289E8 /* CoreMedia.framework */ = {isa = PBXFileReference; lastKnownFileType = wrapper.framework; name = CoreMedia.framework; path = System/Library/Frameworks/CoreMedia.framework; sourceTree = SDKROOT; };
		2716787818C6FD7B00D289E8 /* CoreVideo.framework */ = {isa = PBXFileReference; lastKnownFileType = wrapper.framework; name = CoreVideo.framework; path = System/Library/Frameworks/CoreVideo.framework; sourceTree = SDKROOT; };
		2716787A18C6FD8900D289E8 /* QuartzCore.framework */ = {isa = PBXFileReference; lastKnownFileType = wrapper.framework; name = QuartzCore.framework; path = System/Library/Frameworks/QuartzCore.framework; sourceTree = SDKROOT; };
		2716787C18C6FD9100D289E8 /* libiconv.dylib */ = {isa = PBXFileReference; lastKnownFileType = "compiled.mach-o.dylib"; name = libiconv.dylib; path = usr/lib/libiconv.dylib; sourceTree = SDKROOT; };
		274BEF4918B1654C00C49814 /* SadkoProto.app */ = {isa = PBXFileReference; explicitFileType = wrapper.application; includeInIndex = 0; path = SadkoProto.app; sourceTree = BUILT_PRODUCTS_DIR; };
		274BEF4C18B1654C00C49814 /* Foundation.framework */ = {isa = PBXFileReference; lastKnownFileType = wrapper.framework; name = Foundation.framework; path = System/Library/Frameworks/Foundation.framework; sourceTree = SDKROOT; };
		274BEF4E18B1654C00C49814 /* CoreGraphics.framework */ = {isa = PBXFileReference; lastKnownFileType = wrapper.framework; name = CoreGraphics.framework; path = System/Library/Frameworks/CoreGraphics.framework; sourceTree = SDKROOT; };
		274BEF5018B1654C00C49814 /* UIKit.framework */ = {isa = PBXFileReference; lastKnownFileType = wrapper.framework; name = UIKit.framework; path = System/Library/Frameworks/UIKit.framework; sourceTree = SDKROOT; };
		274BEF5418B1654C00C49814 /* SadkoProto-Info.plist */ = {isa = PBXFileReference; fileEncoding = 4; lastKnownFileType = text.plist.xml; path = "SadkoProto-Info.plist"; sourceTree = "<group>"; };
		274BEF5818B1654C00C49814 /* main.m */ = {isa = PBXFileReference; lastKnownFileType = sourcecode.c.objc; path = main.m; sourceTree = "<group>"; };
		274BEF5A18B1654C00C49814 /* SadkoProto-Prefix.pch */ = {isa = PBXFileReference; lastKnownFileType = sourcecode.c.h; path = "SadkoProto-Prefix.pch"; sourceTree = "<group>"; };
		274BEF5B18B1654C00C49814 /* AppDelegate.h */ = {isa = PBXFileReference; lastKnownFileType = sourcecode.c.h; path = AppDelegate.h; sourceTree = "<group>"; };
		274BEF5C18B1654C00C49814 /* AppDelegate.m */ = {isa = PBXFileReference; lastKnownFileType = sourcecode.c.objc; path = AppDelegate.m; sourceTree = "<group>"; };
		274BEF5E18B1654C00C49814 /* Images.xcassets */ = {isa = PBXFileReference; lastKnownFileType = folder.assetcatalog; path = Images.xcassets; sourceTree = "<group>"; };
		274BEF6418B1654C00C49814 /* SadkoProtoTests.xctest */ = {isa = PBXFileReference; explicitFileType = wrapper.cfbundle; includeInIndex = 0; path = SadkoProtoTests.xctest; sourceTree = BUILT_PRODUCTS_DIR; };
		274BEF6518B1654C00C49814 /* XCTest.framework */ = {isa = PBXFileReference; lastKnownFileType = wrapper.framework; name = XCTest.framework; path = Library/Frameworks/XCTest.framework; sourceTree = DEVELOPER_DIR; };
		274BEF6D18B1654C00C49814 /* SadkoProtoTests-Info.plist */ = {isa = PBXFileReference; lastKnownFileType = text.plist.xml; path = "SadkoProtoTests-Info.plist"; sourceTree = "<group>"; };
		274BEF6F18B1654C00C49814 /* en */ = {isa = PBXFileReference; lastKnownFileType = text.plist.strings; name = en; path = en.lproj/InfoPlist.strings; sourceTree = "<group>"; };
		274BEF7118B1654C00C49814 /* SadkoProtoTests.m */ = {isa = PBXFileReference; lastKnownFileType = sourcecode.c.objc; path = SadkoProtoTests.m; sourceTree = "<group>"; };
		2795D17318C9249A006CEF6F /* next.png */ = {isa = PBXFileReference; lastKnownFileType = image.png; path = next.png; sourceTree = "<group>"; };
		2795D17418C9249A006CEF6F /* next@2x.png */ = {isa = PBXFileReference; lastKnownFileType = image.png; path = "next@2x.png"; sourceTree = "<group>"; };
		2795D17C18C930F4006CEF6F /* JapanPostBarcode.h */ = {isa = PBXFileReference; fileEncoding = 4; lastKnownFileType = sourcecode.c.h; path = JapanPostBarcode.h; sourceTree = "<group>"; };
		2795D17D18C930F4006CEF6F /* JapanPostBarcode.m */ = {isa = PBXFileReference; fileEncoding = 4; lastKnownFileType = sourcecode.c.objc; path = JapanPostBarcode.m; sourceTree = "<group>"; };
		2795D17E18C930F4006CEF6F /* NKDAbstractUPCEANBarcode.h */ = {isa = PBXFileReference; fileEncoding = 4; lastKnownFileType = sourcecode.c.h; path = NKDAbstractUPCEANBarcode.h; sourceTree = "<group>"; };
		2795D17F18C930F4006CEF6F /* NKDAbstractUPCEANBarcode.m */ = {isa = PBXFileReference; fileEncoding = 4; lastKnownFileType = sourcecode.c.objc; path = NKDAbstractUPCEANBarcode.m; sourceTree = "<group>"; };
		2795D18018C930F4006CEF6F /* NKDBarcode.h */ = {isa = PBXFileReference; fileEncoding = 4; lastKnownFileType = sourcecode.c.h; path = NKDBarcode.h; sourceTree = "<group>"; };
		2795D18118C930F4006CEF6F /* NKDBarcode.m */ = {isa = PBXFileReference; fileEncoding = 4; lastKnownFileType = sourcecode.c.objc; path = NKDBarcode.m; sourceTree = "<group>"; };
		2795D18218C930F4006CEF6F /* NKDBarcodeFramework.h */ = {isa = PBXFileReference; fileEncoding = 4; lastKnownFileType = sourcecode.c.h; path = NKDBarcodeFramework.h; sourceTree = "<group>"; };
		2795D18318C930F4006CEF6F /* NKDBarcodeOffscreenView.h */ = {isa = PBXFileReference; fileEncoding = 4; lastKnownFileType = sourcecode.c.h; path = NKDBarcodeOffscreenView.h; sourceTree = "<group>"; };
		2795D18418C930F4006CEF6F /* NKDBarcodeOffscreenView.m */ = {isa = PBXFileReference; fileEncoding = 4; lastKnownFileType = sourcecode.c.objc; path = NKDBarcodeOffscreenView.m; sourceTree = "<group>"; };
		2795D18518C930F4006CEF6F /* NKDCodabarBarcode.h */ = {isa = PBXFileReference; fileEncoding = 4; lastKnownFileType = sourcecode.c.h; path = NKDCodabarBarcode.h; sourceTree = "<group>"; };
		2795D18618C930F4006CEF6F /* NKDCodabarBarcode.m */ = {isa = PBXFileReference; fileEncoding = 4; lastKnownFileType = sourcecode.c.objc; path = NKDCodabarBarcode.m; sourceTree = "<group>"; };
		2795D18718C930F4006CEF6F /* NKDCode128Barcode.h */ = {isa = PBXFileReference; fileEncoding = 4; lastKnownFileType = sourcecode.c.h; path = NKDCode128Barcode.h; sourceTree = "<group>"; };
		2795D18818C930F4006CEF6F /* NKDCode128Barcode.m */ = {isa = PBXFileReference; fileEncoding = 4; lastKnownFileType = sourcecode.c.objc; path = NKDCode128Barcode.m; sourceTree = "<group>"; };
		2795D18918C930F4006CEF6F /* NKDCode39Barcode.h */ = {isa = PBXFileReference; fileEncoding = 4; lastKnownFileType = sourcecode.c.h; path = NKDCode39Barcode.h; sourceTree = "<group>"; };
		2795D18A18C930F4006CEF6F /* NKDCode39Barcode.m */ = {isa = PBXFileReference; fileEncoding = 4; lastKnownFileType = sourcecode.c.objc; path = NKDCode39Barcode.m; sourceTree = "<group>"; };
		2795D18B18C930F4006CEF6F /* NKDEAN13Barcode.h */ = {isa = PBXFileReference; fileEncoding = 4; lastKnownFileType = sourcecode.c.h; path = NKDEAN13Barcode.h; sourceTree = "<group>"; };
		2795D18C18C930F4006CEF6F /* NKDEAN13Barcode.m */ = {isa = PBXFileReference; fileEncoding = 4; lastKnownFileType = sourcecode.c.objc; path = NKDEAN13Barcode.m; sourceTree = "<group>"; };
		2795D18D18C930F4006CEF6F /* NKDEAN8Barcode.h */ = {isa = PBXFileReference; fileEncoding = 4; lastKnownFileType = sourcecode.c.h; path = NKDEAN8Barcode.h; sourceTree = "<group>"; };
		2795D18E18C930F4006CEF6F /* NKDEAN8Barcode.m */ = {isa = PBXFileReference; fileEncoding = 4; lastKnownFileType = sourcecode.c.objc; path = NKDEAN8Barcode.m; sourceTree = "<group>"; };
		2795D18F18C930F4006CEF6F /* NKDExtendedCode39Barcode.h */ = {isa = PBXFileReference; fileEncoding = 4; lastKnownFileType = sourcecode.c.h; path = NKDExtendedCode39Barcode.h; sourceTree = "<group>"; };
		2795D19018C930F4006CEF6F /* NKDExtendedCode39Barcode.m */ = {isa = PBXFileReference; fileEncoding = 4; lastKnownFileType = sourcecode.c.objc; path = NKDExtendedCode39Barcode.m; sourceTree = "<group>"; };
		2795D19118C930F4006CEF6F /* NKDIndustrialTwoOfFiveBarcode.h */ = {isa = PBXFileReference; fileEncoding = 4; lastKnownFileType = sourcecode.c.h; path = NKDIndustrialTwoOfFiveBarcode.h; sourceTree = "<group>"; };
		2795D19218C930F4006CEF6F /* NKDIndustrialTwoOfFiveBarcode.m */ = {isa = PBXFileReference; fileEncoding = 4; lastKnownFileType = sourcecode.c.objc; path = NKDIndustrialTwoOfFiveBarcode.m; sourceTree = "<group>"; };
		2795D19318C930F4006CEF6F /* NKDInterleavedTwoOfFiveBarcode.h */ = {isa = PBXFileReference; fileEncoding = 4; lastKnownFileType = sourcecode.c.h; path = NKDInterleavedTwoOfFiveBarcode.h; sourceTree = "<group>"; };
		2795D19418C930F4006CEF6F /* NKDInterleavedTwoOfFiveBarcode.m */ = {isa = PBXFileReference; fileEncoding = 4; lastKnownFileType = sourcecode.c.objc; path = NKDInterleavedTwoOfFiveBarcode.m; sourceTree = "<group>"; };
		2795D19518C930F4006CEF6F /* NKDModifiedPlesseyBarcode.h */ = {isa = PBXFileReference; fileEncoding = 4; lastKnownFileType = sourcecode.c.h; path = NKDModifiedPlesseyBarcode.h; sourceTree = "<group>"; };
		2795D19618C930F4006CEF6F /* NKDModifiedPlesseyBarcode.m */ = {isa = PBXFileReference; fileEncoding = 4; lastKnownFileType = sourcecode.c.objc; path = NKDModifiedPlesseyBarcode.m; sourceTree = "<group>"; };
		2795D19718C930F4006CEF6F /* NKDModifiedPlesseyHexBarcode.h */ = {isa = PBXFileReference; fileEncoding = 4; lastKnownFileType = sourcecode.c.h; path = NKDModifiedPlesseyHexBarcode.h; sourceTree = "<group>"; };
		2795D19818C930F4006CEF6F /* NKDModifiedPlesseyHexBarcode.m */ = {isa = PBXFileReference; fileEncoding = 4; lastKnownFileType = sourcecode.c.objc; path = NKDModifiedPlesseyHexBarcode.m; sourceTree = "<group>"; };
		2795D19918C930F4006CEF6F /* NKDPlanetBarcode.h */ = {isa = PBXFileReference; fileEncoding = 4; lastKnownFileType = sourcecode.c.h; path = NKDPlanetBarcode.h; sourceTree = "<group>"; };
		2795D19A18C930F4006CEF6F /* NKDPlanetBarcode.m */ = {isa = PBXFileReference; fileEncoding = 4; lastKnownFileType = sourcecode.c.objc; path = NKDPlanetBarcode.m; sourceTree = "<group>"; };
		2795D19B18C930F4006CEF6F /* NKDPostnetBarcode.h */ = {isa = PBXFileReference; fileEncoding = 4; lastKnownFileType = sourcecode.c.h; path = NKDPostnetBarcode.h; sourceTree = "<group>"; };
		2795D19C18C930F4006CEF6F /* NKDPostnetBarcode.m */ = {isa = PBXFileReference; fileEncoding = 4; lastKnownFileType = sourcecode.c.objc; path = NKDPostnetBarcode.m; sourceTree = "<group>"; };
		2795D19D18C930F4006CEF6F /* NKDRoyalMailBarcode.h */ = {isa = PBXFileReference; fileEncoding = 4; lastKnownFileType = sourcecode.c.h; path = NKDRoyalMailBarcode.h; sourceTree = "<group>"; };
		2795D19E18C930F4006CEF6F /* NKDRoyalMailBarcode.m */ = {isa = PBXFileReference; fileEncoding = 4; lastKnownFileType = sourcecode.c.objc; path = NKDRoyalMailBarcode.m; sourceTree = "<group>"; };
		2795D19F18C930F4006CEF6F /* NKDUPCABarcode.h */ = {isa = PBXFileReference; fileEncoding = 4; lastKnownFileType = sourcecode.c.h; path = NKDUPCABarcode.h; sourceTree = "<group>"; };
		2795D1A018C930F4006CEF6F /* NKDUPCABarcode.m */ = {isa = PBXFileReference; fileEncoding = 4; lastKnownFileType = sourcecode.c.objc; path = NKDUPCABarcode.m; sourceTree = "<group>"; };
		2795D1A118C930F4006CEF6F /* NKDUPCEBarcode.h */ = {isa = PBXFileReference; fileEncoding = 4; lastKnownFileType = sourcecode.c.h; path = NKDUPCEBarcode.h; sourceTree = "<group>"; };
		2795D1A218C930F4006CEF6F /* NKDUPCEBarcode.m */ = {isa = PBXFileReference; fileEncoding = 4; lastKnownFileType = sourcecode.c.objc; path = NKDUPCEBarcode.m; sourceTree = "<group>"; };
		2795D1A318C930F4006CEF6F /* NSString-UPCEAN.h */ = {isa = PBXFileReference; fileEncoding = 4; lastKnownFileType = sourcecode.c.h; path = "NSString-UPCEAN.h"; sourceTree = "<group>"; };
		2795D1A418C930F4006CEF6F /* NSString-UPCEAN.m */ = {isa = PBXFileReference; fileEncoding = 4; lastKnownFileType = sourcecode.c.objc; path = "NSString-UPCEAN.m"; sourceTree = "<group>"; };
		2795D1A518C930F4006CEF6F /* UIImage-NKDBarcode.h */ = {isa = PBXFileReference; fileEncoding = 4; lastKnownFileType = sourcecode.c.h; path = "UIImage-NKDBarcode.h"; sourceTree = "<group>"; };
		2795D1A618C930F4006CEF6F /* UIImage-NKDBarcode.m */ = {isa = PBXFileReference; fileEncoding = 4; lastKnownFileType = sourcecode.c.objc; path = "UIImage-NKDBarcode.m"; sourceTree = "<group>"; };
		2795D1A718C930F4006CEF6F /* UIImage-Normalize.h */ = {isa = PBXFileReference; fileEncoding = 4; lastKnownFileType = sourcecode.c.h; path = "UIImage-Normalize.h"; sourceTree = "<group>"; };
		2795D1A818C930F4006CEF6F /* UIImage-Normalize.m */ = {isa = PBXFileReference; fileEncoding = 4; lastKnownFileType = sourcecode.c.objc; path = "UIImage-Normalize.m"; sourceTree = "<group>"; };
		27B9503218B6995A00EDBE52 /* banner.png */ = {isa = PBXFileReference; lastKnownFileType = image.png; path = banner.png; sourceTree = "<group>"; };
		27B9503318B6995A00EDBE52 /* banner@2x.png */ = {isa = PBXFileReference; lastKnownFileType = image.png; path = "banner@2x.png"; sourceTree = "<group>"; };
		27B9503418B6995A00EDBE52 /* logo.png */ = {isa = PBXFileReference; lastKnownFileType = image.png; path = logo.png; sourceTree = "<group>"; };
		27B9503918B6AA4B00EDBE52 /* UIHumanSchemeViewController.h */ = {isa = PBXFileReference; fileEncoding = 4; lastKnownFileType = sourcecode.c.h; path = UIHumanSchemeViewController.h; sourceTree = "<group>"; };
		27B9503A18B6AA4B00EDBE52 /* UIHumanSchemeViewController.m */ = {isa = PBXFileReference; fileEncoding = 4; lastKnownFileType = sourcecode.c.objc; path = UIHumanSchemeViewController.m; sourceTree = "<group>"; };
		27B9503B18B6AA4B00EDBE52 /* UIHumanSchemeViewController.xib */ = {isa = PBXFileReference; fileEncoding = 4; lastKnownFileType = file.xib; path = UIHumanSchemeViewController.xib; sourceTree = "<group>"; };
		27B9503F18B6B19200EDBE52 /* Clinics.plist */ = {isa = PBXFileReference; fileEncoding = 4; lastKnownFileType = text.plist.xml; path = Clinics.plist; sourceTree = "<group>"; };
		27D90D1818CFB2DA00C660FF /* UIMainMenuViewController.h */ = {isa = PBXFileReference; fileEncoding = 4; lastKnownFileType = sourcecode.c.h; path = UIMainMenuViewController.h; sourceTree = "<group>"; };
		27D90D1918CFB2DA00C660FF /* UIMainMenuViewController.m */ = {isa = PBXFileReference; fileEncoding = 4; lastKnownFileType = sourcecode.c.objc; path = UIMainMenuViewController.m; sourceTree = "<group>"; };
		27D90D1A18CFB2DA00C660FF /* UIMainMenuViewController.xib */ = {isa = PBXFileReference; fileEncoding = 4; lastKnownFileType = file.xib; path = UIMainMenuViewController.xib; sourceTree = "<group>"; };
		60025C0D18C4B6B000725A1C /* faq.png */ = {isa = PBXFileReference; lastKnownFileType = image.png; path = faq.png; sourceTree = "<group>"; };
		60025C0E18C4B6B000725A1C /* faq@2x.png */ = {isa = PBXFileReference; lastKnownFileType = image.png; path = "faq@2x.png"; sourceTree = "<group>"; };
		60025C1118C4C31900725A1C /* UIBonusCardViewController.h */ = {isa = PBXFileReference; fileEncoding = 4; lastKnownFileType = sourcecode.c.h; path = UIBonusCardViewController.h; sourceTree = "<group>"; };
		60025C1218C4C31900725A1C /* UIBonusCardViewController.m */ = {isa = PBXFileReference; fileEncoding = 4; lastKnownFileType = sourcecode.c.objc; path = UIBonusCardViewController.m; sourceTree = "<group>"; };
		60025C1318C4C31900725A1C /* UIBonusCardViewController.xib */ = {isa = PBXFileReference; fileEncoding = 4; lastKnownFileType = file.xib; path = UIBonusCardViewController.xib; sourceTree = "<group>"; };
		6036752E18BC82B2008D2CB5 /* service.png */ = {isa = PBXFileReference; lastKnownFileType = image.png; path = service.png; sourceTree = "<group>"; };
		6036752F18BC82B2008D2CB5 /* service@2x.png */ = {isa = PBXFileReference; lastKnownFileType = image.png; path = "service@2x.png"; sourceTree = "<group>"; };
		6036753218BC901A008D2CB5 /* UIInfoViewController.h */ = {isa = PBXFileReference; fileEncoding = 4; lastKnownFileType = sourcecode.c.h; path = UIInfoViewController.h; sourceTree = "<group>"; };
		6036753318BC901A008D2CB5 /* UIInfoViewController.m */ = {isa = PBXFileReference; fileEncoding = 4; lastKnownFileType = sourcecode.c.objc; path = UIInfoViewController.m; sourceTree = "<group>"; };
		6036753418BC901A008D2CB5 /* UIInfoViewController.xib */ = {isa = PBXFileReference; fileEncoding = 4; lastKnownFileType = file.xib; path = UIInfoViewController.xib; sourceTree = "<group>"; };
		6036753718BCB063008D2CB5 /* UIMapViewController.h */ = {isa = PBXFileReference; fileEncoding = 4; lastKnownFileType = sourcecode.c.h; path = UIMapViewController.h; sourceTree = "<group>"; };
		6036753818BCB063008D2CB5 /* UIMapViewController.m */ = {isa = PBXFileReference; fileEncoding = 4; lastKnownFileType = sourcecode.c.objc; path = UIMapViewController.m; sourceTree = "<group>"; };
		6036753918BCB063008D2CB5 /* UIMapViewController.xib */ = {isa = PBXFileReference; fileEncoding = 4; lastKnownFileType = file.xib; path = UIMapViewController.xib; sourceTree = "<group>"; };
		6036753C18BCB0DF008D2CB5 /* MapKit.framework */ = {isa = PBXFileReference; lastKnownFileType = wrapper.framework; name = MapKit.framework; path = System/Library/Frameworks/MapKit.framework; sourceTree = SDKROOT; };
		6096A40418BB6D63008064FC /* UISplashScreenViewController.h */ = {isa = PBXFileReference; fileEncoding = 4; lastKnownFileType = sourcecode.c.h; path = UISplashScreenViewController.h; sourceTree = "<group>"; };
		6096A40518BB6D63008064FC /* UISplashScreenViewController.m */ = {isa = PBXFileReference; fileEncoding = 4; lastKnownFileType = sourcecode.c.objc; path = UISplashScreenViewController.m; sourceTree = "<group>"; };
		6096A40718BB6DC8008064FC /* UISplashScreenViewController.xib */ = {isa = PBXFileReference; fileEncoding = 4; lastKnownFileType = file.xib; path = UISplashScreenViewController.xib; sourceTree = "<group>"; };
		6096A40918BB6EFA008064FC /* Utils.h */ = {isa = PBXFileReference; fileEncoding = 4; lastKnownFileType = sourcecode.c.h; path = Utils.h; sourceTree = "<group>"; };
		6096A40A18BB6EFA008064FC /* Utils.m */ = {isa = PBXFileReference; fileEncoding = 4; lastKnownFileType = sourcecode.c.objc; path = Utils.m; sourceTree = "<group>"; };
		6096A40D18BB74D9008064FC /* MBProgressHUD.h */ = {isa = PBXFileReference; fileEncoding = 4; lastKnownFileType = sourcecode.c.h; path = MBProgressHUD.h; sourceTree = "<group>"; };
		6096A40E18BB74D9008064FC /* MBProgressHUD.m */ = {isa = PBXFileReference; fileEncoding = 4; lastKnownFileType = sourcecode.c.objc; path = MBProgressHUD.m; sourceTree = "<group>"; };
		6096A41018BB7547008064FC /* Default-568h@2x.png */ = {isa = PBXFileReference; lastKnownFileType = image.png; path = "Default-568h@2x.png"; sourceTree = "<group>"; };
		6096A41118BB7547008064FC /* Default@2x~iphone.png */ = {isa = PBXFileReference; lastKnownFileType = image.png; path = "Default@2x~iphone.png"; sourceTree = "<group>"; };
		6096A41218BB7547008064FC /* Default~iphone.png */ = {isa = PBXFileReference; lastKnownFileType = image.png; path = "Default~iphone.png"; sourceTree = "<group>"; };
		60A0562018CA047200EBFC27 /* ru */ = {isa = PBXFileReference; lastKnownFileType = text.plist.strings; name = ru; path = ru.lproj/InfoPlist.strings; sourceTree = "<group>"; };
		60A0562618CA050700EBFC27 /* en */ = {isa = PBXFileReference; lastKnownFileType = text.plist.strings; name = en; path = en.lproj/InfoPlist.strings; sourceTree = "<group>"; };
		60ACF4EA18B6256E00A16C2F /* UIMainScreenViewController.h */ = {isa = PBXFileReference; fileEncoding = 4; lastKnownFileType = sourcecode.c.h; path = UIMainScreenViewController.h; sourceTree = "<group>"; };
		60ACF4EB18B6256E00A16C2F /* UIMainScreenViewController.m */ = {isa = PBXFileReference; fileEncoding = 4; lastKnownFileType = sourcecode.c.objc; path = UIMainScreenViewController.m; sourceTree = "<group>"; };
		60ACF4EC18B6256E00A16C2F /* UIMainScreenViewController.xib */ = {isa = PBXFileReference; fileEncoding = 4; lastKnownFileType = file.xib; path = UIMainScreenViewController.xib; sourceTree = "<group>"; };
		60ACF4EF18B6261700A16C2F /* UIBaseViewController.h */ = {isa = PBXFileReference; fileEncoding = 4; lastKnownFileType = sourcecode.c.h; path = UIBaseViewController.h; sourceTree = "<group>"; };
		60ACF4F018B6261700A16C2F /* UIBaseViewController.m */ = {isa = PBXFileReference; fileEncoding = 4; lastKnownFileType = sourcecode.c.objc; path = UIBaseViewController.m; sourceTree = "<group>"; };
		60ACF4F318B6264C00A16C2F /* NSString+Helper.h */ = {isa = PBXFileReference; fileEncoding = 4; lastKnownFileType = sourcecode.c.h; path = "NSString+Helper.h"; sourceTree = "<group>"; };
		60ACF4F418B6264C00A16C2F /* NSString+Helper.m */ = {isa = PBXFileReference; fileEncoding = 4; lastKnownFileType = sourcecode.c.objc; path = "NSString+Helper.m"; sourceTree = "<group>"; };
		60ACF4F518B6264C00A16C2F /* UIImage+Extensions.h */ = {isa = PBXFileReference; fileEncoding = 4; lastKnownFileType = sourcecode.c.h; path = "UIImage+Extensions.h"; sourceTree = "<group>"; };
		60ACF4F618B6264C00A16C2F /* UIImage+Extensions.m */ = {isa = PBXFileReference; fileEncoding = 4; lastKnownFileType = sourcecode.c.objc; path = "UIImage+Extensions.m"; sourceTree = "<group>"; };
		60ACF4FB18B6273B00A16C2F /* Macros.h */ = {isa = PBXFileReference; fileEncoding = 4; lastKnownFileType = sourcecode.c.h; path = Macros.h; sourceTree = "<group>"; };
		60ACF4FC18B6273B00A16C2F /* README */ = {isa = PBXFileReference; fileEncoding = 4; lastKnownFileType = text; path = README; sourceTree = "<group>"; };
		60ACF50018B6289B00A16C2F /* back.png */ = {isa = PBXFileReference; lastKnownFileType = image.png; path = back.png; sourceTree = "<group>"; };
		60ACF50118B6289B00A16C2F /* back@2x.png */ = {isa = PBXFileReference; lastKnownFileType = image.png; path = "back@2x.png"; sourceTree = "<group>"; };
		60ACF50418B6405E00A16C2F /* UIAboutViewController.h */ = {isa = PBXFileReference; fileEncoding = 4; lastKnownFileType = sourcecode.c.h; path = UIAboutViewController.h; sourceTree = "<group>"; };
		60ACF50518B6405E00A16C2F /* UIAboutViewController.m */ = {isa = PBXFileReference; fileEncoding = 4; lastKnownFileType = sourcecode.c.objc; path = UIAboutViewController.m; sourceTree = "<group>"; };
		60ACF50618B6405E00A16C2F /* UIAboutViewController.xib */ = {isa = PBXFileReference; fileEncoding = 4; lastKnownFileType = file.xib; path = UIAboutViewController.xib; sourceTree = "<group>"; };
		60ACF50918B640BF00A16C2F /* UIDoctorCategoryViewController.h */ = {isa = PBXFileReference; fileEncoding = 4; lastKnownFileType = sourcecode.c.h; path = UIDoctorCategoryViewController.h; sourceTree = "<group>"; };
		60ACF50A18B640BF00A16C2F /* UIDoctorCategoryViewController.m */ = {isa = PBXFileReference; fileEncoding = 4; lastKnownFileType = sourcecode.c.objc; path = UIDoctorCategoryViewController.m; sourceTree = "<group>"; };
		60ACF50B18B640BF00A16C2F /* UIDoctorCategoryViewController.xib */ = {isa = PBXFileReference; fileEncoding = 4; lastKnownFileType = file.xib; path = UIDoctorCategoryViewController.xib; sourceTree = "<group>"; };
		60ACF50E18B640D100A16C2F /* UIDoctorListViewController.h */ = {isa = PBXFileReference; fileEncoding = 4; lastKnownFileType = sourcecode.c.h; path = UIDoctorListViewController.h; sourceTree = "<group>"; };
		60ACF50F18B640D100A16C2F /* UIDoctorListViewController.m */ = {isa = PBXFileReference; fileEncoding = 4; lastKnownFileType = sourcecode.c.objc; path = UIDoctorListViewController.m; sourceTree = "<group>"; };
		60ACF51018B640D100A16C2F /* UIDoctorListViewController.xib */ = {isa = PBXFileReference; fileEncoding = 4; lastKnownFileType = file.xib; path = UIDoctorListViewController.xib; sourceTree = "<group>"; };
		60ACF51318B6411B00A16C2F /* UIDoctorDetailsViewController.h */ = {isa = PBXFileReference; fileEncoding = 4; lastKnownFileType = sourcecode.c.h; path = UIDoctorDetailsViewController.h; sourceTree = "<group>"; };
		60ACF51418B6411B00A16C2F /* UIDoctorDetailsViewController.m */ = {isa = PBXFileReference; fileEncoding = 4; lastKnownFileType = sourcecode.c.objc; path = UIDoctorDetailsViewController.m; sourceTree = "<group>"; };
		60ACF51518B6411B00A16C2F /* UIDoctorDetailsViewController.xib */ = {isa = PBXFileReference; fileEncoding = 4; lastKnownFileType = file.xib; path = UIDoctorDetailsViewController.xib; sourceTree = "<group>"; };
		60ACF51818B641B200A16C2F /* UIServiceListViewController.h */ = {isa = PBXFileReference; fileEncoding = 4; lastKnownFileType = sourcecode.c.h; path = UIServiceListViewController.h; sourceTree = "<group>"; };
		60ACF51918B641B200A16C2F /* UIServiceListViewController.m */ = {isa = PBXFileReference; fileEncoding = 4; lastKnownFileType = sourcecode.c.objc; path = UIServiceListViewController.m; sourceTree = "<group>"; };
		60ACF51A18B641B200A16C2F /* UIServiceListViewController.xib */ = {isa = PBXFileReference; fileEncoding = 4; lastKnownFileType = file.xib; path = UIServiceListViewController.xib; sourceTree = "<group>"; };
		60ACF51D18B641CF00A16C2F /* UIServiceDetailsViewController.h */ = {isa = PBXFileReference; fileEncoding = 4; lastKnownFileType = sourcecode.c.h; path = UIServiceDetailsViewController.h; sourceTree = "<group>"; };
		60ACF51E18B641CF00A16C2F /* UIServiceDetailsViewController.m */ = {isa = PBXFileReference; fileEncoding = 4; lastKnownFileType = sourcecode.c.objc; path = UIServiceDetailsViewController.m; sourceTree = "<group>"; };
		60ACF51F18B641CF00A16C2F /* UIServiceDetailsViewController.xib */ = {isa = PBXFileReference; fileEncoding = 4; lastKnownFileType = file.xib; path = UIServiceDetailsViewController.xib; sourceTree = "<group>"; };
		60ACF52218B641EC00A16C2F /* UINewsViewController.h */ = {isa = PBXFileReference; fileEncoding = 4; lastKnownFileType = sourcecode.c.h; path = UINewsViewController.h; sourceTree = "<group>"; };
		60ACF52318B641EC00A16C2F /* UINewsViewController.m */ = {isa = PBXFileReference; fileEncoding = 4; lastKnownFileType = sourcecode.c.objc; path = UINewsViewController.m; sourceTree = "<group>"; };
		60ACF52418B641EC00A16C2F /* UINewsViewController.xib */ = {isa = PBXFileReference; fileEncoding = 4; lastKnownFileType = file.xib; path = UINewsViewController.xib; sourceTree = "<group>"; };
		60ACF52718B6420700A16C2F /* UINewsDetailsViewController.h */ = {isa = PBXFileReference; fileEncoding = 4; lastKnownFileType = sourcecode.c.h; path = UINewsDetailsViewController.h; sourceTree = "<group>"; };
		60ACF52818B6420700A16C2F /* UINewsDetailsViewController.m */ = {isa = PBXFileReference; fileEncoding = 4; lastKnownFileType = sourcecode.c.objc; path = UINewsDetailsViewController.m; sourceTree = "<group>"; };
		60ACF52918B6420700A16C2F /* UINewsDetailsViewController.xib */ = {isa = PBXFileReference; fileEncoding = 4; lastKnownFileType = file.xib; path = UINewsDetailsViewController.xib; sourceTree = "<group>"; };
		60ACF52C18B643B900A16C2F /* UITopTenQuestionsViewController.h */ = {isa = PBXFileReference; fileEncoding = 4; lastKnownFileType = sourcecode.c.h; path = UITopTenQuestionsViewController.h; sourceTree = "<group>"; };
		60ACF52D18B643B900A16C2F /* UITopTenQuestionsViewController.m */ = {isa = PBXFileReference; fileEncoding = 4; lastKnownFileType = sourcecode.c.objc; path = UITopTenQuestionsViewController.m; sourceTree = "<group>"; };
		60ACF52E18B643B900A16C2F /* UITopTenQuestionsViewController.xib */ = {isa = PBXFileReference; fileEncoding = 4; lastKnownFileType = file.xib; path = UITopTenQuestionsViewController.xib; sourceTree = "<group>"; };
		60ACF53118B643D400A16C2F /* UIQuestionAnswerViewController.h */ = {isa = PBXFileReference; fileEncoding = 4; lastKnownFileType = sourcecode.c.h; path = UIQuestionAnswerViewController.h; sourceTree = "<group>"; };
		60ACF53218B643D400A16C2F /* UIQuestionAnswerViewController.m */ = {isa = PBXFileReference; fileEncoding = 4; lastKnownFileType = sourcecode.c.objc; path = UIQuestionAnswerViewController.m; sourceTree = "<group>"; };
		60ACF53318B643D400A16C2F /* UIQuestionAnswerViewController.xib */ = {isa = PBXFileReference; fileEncoding = 4; lastKnownFileType = file.xib; path = UIQuestionAnswerViewController.xib; sourceTree = "<group>"; };
		60ACF53618B6441000A16C2F /* UISymptomsViewController.h */ = {isa = PBXFileReference; fileEncoding = 4; lastKnownFileType = sourcecode.c.h; path = UISymptomsViewController.h; sourceTree = "<group>"; };
		60ACF53718B6441000A16C2F /* UISymptomsViewController.m */ = {isa = PBXFileReference; fileEncoding = 4; lastKnownFileType = sourcecode.c.objc; path = UISymptomsViewController.m; sourceTree = "<group>"; };
		60ACF53818B6441000A16C2F /* UISymptomsViewController.xib */ = {isa = PBXFileReference; fileEncoding = 4; lastKnownFileType = file.xib; path = UISymptomsViewController.xib; sourceTree = "<group>"; };
		60ACF53B18B6446100A16C2F /* UIBranchListViewController.h */ = {isa = PBXFileReference; fileEncoding = 4; lastKnownFileType = sourcecode.c.h; path = UIBranchListViewController.h; sourceTree = "<group>"; };
		60ACF53C18B6446100A16C2F /* UIBranchListViewController.m */ = {isa = PBXFileReference; fileEncoding = 4; lastKnownFileType = sourcecode.c.objc; path = UIBranchListViewController.m; sourceTree = "<group>"; };
		60ACF53D18B6446100A16C2F /* UIBranchListViewController.xib */ = {isa = PBXFileReference; fileEncoding = 4; lastKnownFileType = file.xib; path = UIBranchListViewController.xib; sourceTree = "<group>"; };
		60ACF54018B6447900A16C2F /* UIBranchDetailsViewController.h */ = {isa = PBXFileReference; fileEncoding = 4; lastKnownFileType = sourcecode.c.h; path = UIBranchDetailsViewController.h; sourceTree = "<group>"; };
		60ACF54118B6447900A16C2F /* UIBranchDetailsViewController.m */ = {isa = PBXFileReference; fileEncoding = 4; lastKnownFileType = sourcecode.c.objc; path = UIBranchDetailsViewController.m; sourceTree = "<group>"; };
		60ACF54218B6447900A16C2F /* UIBranchDetailsViewController.xib */ = {isa = PBXFileReference; fileEncoding = 4; lastKnownFileType = file.xib; path = UIBranchDetailsViewController.xib; sourceTree = "<group>"; };
		60F96E1318C0AAE1003FB8E6 /* Service.h */ = {isa = PBXFileReference; fileEncoding = 4; lastKnownFileType = sourcecode.c.h; path = Service.h; sourceTree = "<group>"; };
		60F96E1418C0AAE1003FB8E6 /* Service.m */ = {isa = PBXFileReference; fileEncoding = 4; lastKnownFileType = sourcecode.c.objc; path = Service.m; sourceTree = "<group>"; };
		60F96E2018C0C8AE003FB8E6 /* UIBranchFilterViewController.h */ = {isa = PBXFileReference; fileEncoding = 4; lastKnownFileType = sourcecode.c.h; path = UIBranchFilterViewController.h; sourceTree = "<group>"; };
		60F96E2118C0C8AE003FB8E6 /* UIBranchFilterViewController.m */ = {isa = PBXFileReference; fileEncoding = 4; lastKnownFileType = sourcecode.c.objc; path = UIBranchFilterViewController.m; sourceTree = "<group>"; };
		60F96E2218C0C8AE003FB8E6 /* UIBranchFilterViewController.xib */ = {isa = PBXFileReference; fileEncoding = 4; lastKnownFileType = file.xib; path = UIBranchFilterViewController.xib; sourceTree = "<group>"; };
/* End PBXFileReference section */

/* Begin PBXFrameworksBuildPhase section */
		274BEF4618B1654C00C49814 /* Frameworks */ = {
			isa = PBXFrameworksBuildPhase;
			buildActionMask = 2147483647;
			files = (
				2716787D18C6FD9100D289E8 /* libiconv.dylib in Frameworks */,
				2716787B18C6FD8900D289E8 /* QuartzCore.framework in Frameworks */,
				2716787918C6FD7B00D289E8 /* CoreVideo.framework in Frameworks */,
				2716787718C6FD7400D289E8 /* CoreMedia.framework in Frameworks */,
				2716787518C6FD6D00D289E8 /* AVFoundation.framework in Frameworks */,
				6036753D18BCB0DF008D2CB5 /* MapKit.framework in Frameworks */,
				274BEF4F18B1654C00C49814 /* CoreGraphics.framework in Frameworks */,
				2716786F18C6FD4A00D289E8 /* libzbar.a in Frameworks */,
				274BEF5118B1654C00C49814 /* UIKit.framework in Frameworks */,
				274BEF4D18B1654C00C49814 /* Foundation.framework in Frameworks */,
			);
			runOnlyForDeploymentPostprocessing = 0;
		};
		274BEF6118B1654C00C49814 /* Frameworks */ = {
			isa = PBXFrameworksBuildPhase;
			buildActionMask = 2147483647;
			files = (
				274BEF6618B1654C00C49814 /* XCTest.framework in Frameworks */,
				274BEF6818B1654C00C49814 /* UIKit.framework in Frameworks */,
				274BEF6718B1654C00C49814 /* Foundation.framework in Frameworks */,
			);
			runOnlyForDeploymentPostprocessing = 0;
		};
/* End PBXFrameworksBuildPhase section */

/* Begin PBXGroup section */
		2716785118C6FD4A00D289E8 /* ZBarSDK */ = {
			isa = PBXGroup;
			children = (
				2716785218C6FD4A00D289E8 /* Headers */,
				2716786918C6FD4A00D289E8 /* libzbar.a */,
				2716786A18C6FD4A00D289E8 /* Resources */,
			);
			path = ZBarSDK;
			sourceTree = "<group>";
		};
		2716785218C6FD4A00D289E8 /* Headers */ = {
			isa = PBXGroup;
			children = (
				2716785318C6FD4A00D289E8 /* ZBarSDK */,
			);
			path = Headers;
			sourceTree = "<group>";
		};
		2716785318C6FD4A00D289E8 /* ZBarSDK */ = {
			isa = PBXGroup;
			children = (
				2716785418C6FD4A00D289E8 /* zbar */,
				2716785E18C6FD4A00D289E8 /* zbar.h */,
				2716785F18C6FD4A00D289E8 /* ZBarCameraSimulator.h */,
				2716786018C6FD4A00D289E8 /* ZBarCaptureReader.h */,
				2716786118C6FD4A00D289E8 /* ZBarHelpController.h */,
				2716786218C6FD4A00D289E8 /* ZBarImage.h */,
				2716786318C6FD4A00D289E8 /* ZBarImageScanner.h */,
				2716786418C6FD4A00D289E8 /* ZBarReaderController.h */,
				2716786518C6FD4A00D289E8 /* ZBarReaderView.h */,
				2716786618C6FD4A00D289E8 /* ZBarReaderViewController.h */,
				2716786718C6FD4A00D289E8 /* ZBarSDK.h */,
				2716786818C6FD4A00D289E8 /* ZBarSymbol.h */,
			);
			path = ZBarSDK;
			sourceTree = "<group>";
		};
		2716785418C6FD4A00D289E8 /* zbar */ = {
			isa = PBXGroup;
			children = (
				2716785518C6FD4A00D289E8 /* Decoder.h */,
				2716785618C6FD4A00D289E8 /* Exception.h */,
				2716785718C6FD4A00D289E8 /* Image.h */,
				2716785818C6FD4A00D289E8 /* ImageScanner.h */,
				2716785918C6FD4A00D289E8 /* Processor.h */,
				2716785A18C6FD4A00D289E8 /* Scanner.h */,
				2716785B18C6FD4A00D289E8 /* Symbol.h */,
				2716785C18C6FD4A00D289E8 /* Video.h */,
				2716785D18C6FD4A00D289E8 /* Window.h */,
			);
			path = zbar;
			sourceTree = "<group>";
		};
		2716786A18C6FD4A00D289E8 /* Resources */ = {
			isa = PBXGroup;
			children = (
				2716786B18C6FD4A00D289E8 /* zbar-back.png */,
				2716786C18C6FD4A00D289E8 /* zbar-help.html */,
				2716786D18C6FD4A00D289E8 /* zbar-helpicons.png */,
				2716786E18C6FD4A00D289E8 /* zbar-samples.png */,
			);
			path = Resources;
			sourceTree = "<group>";
		};
		274BEF4018B1654C00C49814 = {
			isa = PBXGroup;
			children = (
				274BEF5218B1654C00C49814 /* SadkoProto */,
				274BEF6B18B1654C00C49814 /* SadkoProtoTests */,
				274BEF4B18B1654C00C49814 /* Frameworks */,
				274BEF4A18B1654C00C49814 /* Products */,
			);
			sourceTree = "<group>";
		};
		274BEF4A18B1654C00C49814 /* Products */ = {
			isa = PBXGroup;
			children = (
				274BEF4918B1654C00C49814 /* SadkoProto.app */,
				274BEF6418B1654C00C49814 /* SadkoProtoTests.xctest */,
			);
			name = Products;
			sourceTree = "<group>";
		};
		274BEF4B18B1654C00C49814 /* Frameworks */ = {
			isa = PBXGroup;
			children = (
				2716787C18C6FD9100D289E8 /* libiconv.dylib */,
				2716787A18C6FD8900D289E8 /* QuartzCore.framework */,
				2716787818C6FD7B00D289E8 /* CoreVideo.framework */,
				2716787618C6FD7400D289E8 /* CoreMedia.framework */,
				2716787418C6FD6D00D289E8 /* AVFoundation.framework */,
				6036753C18BCB0DF008D2CB5 /* MapKit.framework */,
				274BEF4C18B1654C00C49814 /* Foundation.framework */,
				274BEF4E18B1654C00C49814 /* CoreGraphics.framework */,
				274BEF5018B1654C00C49814 /* UIKit.framework */,
				274BEF6518B1654C00C49814 /* XCTest.framework */,
			);
			name = Frameworks;
			sourceTree = "<group>";
		};
		274BEF5218B1654C00C49814 /* SadkoProto */ = {
			isa = PBXGroup;
			children = (
				60F96E1218C0AAC6003FB8E6 /* Data Model */,
				60ACF4F918B6273B00A16C2F /* External */,
				60ACF4F218B6264C00A16C2F /* Extensions */,
				60ACF4E918B624E600A16C2F /* View Controllers */,
				60ACF4FE18B6289B00A16C2F /* Resources */,
				274BEF5B18B1654C00C49814 /* AppDelegate.h */,
				274BEF5C18B1654C00C49814 /* AppDelegate.m */,
				274BEF5E18B1654C00C49814 /* Images.xcassets */,
				274BEF5318B1654C00C49814 /* Supporting Files */,
			);
			path = SadkoProto;
			sourceTree = "<group>";
		};
		274BEF5318B1654C00C49814 /* Supporting Files */ = {
			isa = PBXGroup;
			children = (
				60A0561F18CA047200EBFC27 /* InfoPlist.strings */,
				274BEF5418B1654C00C49814 /* SadkoProto-Info.plist */,
				274BEF5818B1654C00C49814 /* main.m */,
				274BEF5A18B1654C00C49814 /* SadkoProto-Prefix.pch */,
			);
			name = "Supporting Files";
			sourceTree = "<group>";
		};
		274BEF6B18B1654C00C49814 /* SadkoProtoTests */ = {
			isa = PBXGroup;
			children = (
				274BEF7118B1654C00C49814 /* SadkoProtoTests.m */,
				274BEF6C18B1654C00C49814 /* Supporting Files */,
			);
			path = SadkoProtoTests;
			sourceTree = "<group>";
		};
		274BEF6C18B1654C00C49814 /* Supporting Files */ = {
			isa = PBXGroup;
			children = (
				274BEF6D18B1654C00C49814 /* SadkoProtoTests-Info.plist */,
				274BEF6E18B1654C00C49814 /* InfoPlist.strings */,
			);
			name = "Supporting Files";
			sourceTree = "<group>";
		};
		2795D17B18C930F4006CEF6F /* Barcodes */ = {
			isa = PBXGroup;
			children = (
				2795D17C18C930F4006CEF6F /* JapanPostBarcode.h */,
				2795D17D18C930F4006CEF6F /* JapanPostBarcode.m */,
				2795D17E18C930F4006CEF6F /* NKDAbstractUPCEANBarcode.h */,
				2795D17F18C930F4006CEF6F /* NKDAbstractUPCEANBarcode.m */,
				2795D18018C930F4006CEF6F /* NKDBarcode.h */,
				2795D18118C930F4006CEF6F /* NKDBarcode.m */,
				2795D18218C930F4006CEF6F /* NKDBarcodeFramework.h */,
				2795D18318C930F4006CEF6F /* NKDBarcodeOffscreenView.h */,
				2795D18418C930F4006CEF6F /* NKDBarcodeOffscreenView.m */,
				2795D18518C930F4006CEF6F /* NKDCodabarBarcode.h */,
				2795D18618C930F4006CEF6F /* NKDCodabarBarcode.m */,
				2795D18718C930F4006CEF6F /* NKDCode128Barcode.h */,
				2795D18818C930F4006CEF6F /* NKDCode128Barcode.m */,
				2795D18918C930F4006CEF6F /* NKDCode39Barcode.h */,
				2795D18A18C930F4006CEF6F /* NKDCode39Barcode.m */,
				2795D18B18C930F4006CEF6F /* NKDEAN13Barcode.h */,
				2795D18C18C930F4006CEF6F /* NKDEAN13Barcode.m */,
				2795D18D18C930F4006CEF6F /* NKDEAN8Barcode.h */,
				2795D18E18C930F4006CEF6F /* NKDEAN8Barcode.m */,
				2795D18F18C930F4006CEF6F /* NKDExtendedCode39Barcode.h */,
				2795D19018C930F4006CEF6F /* NKDExtendedCode39Barcode.m */,
				2795D19118C930F4006CEF6F /* NKDIndustrialTwoOfFiveBarcode.h */,
				2795D19218C930F4006CEF6F /* NKDIndustrialTwoOfFiveBarcode.m */,
				2795D19318C930F4006CEF6F /* NKDInterleavedTwoOfFiveBarcode.h */,
				2795D19418C930F4006CEF6F /* NKDInterleavedTwoOfFiveBarcode.m */,
				2795D19518C930F4006CEF6F /* NKDModifiedPlesseyBarcode.h */,
				2795D19618C930F4006CEF6F /* NKDModifiedPlesseyBarcode.m */,
				2795D19718C930F4006CEF6F /* NKDModifiedPlesseyHexBarcode.h */,
				2795D19818C930F4006CEF6F /* NKDModifiedPlesseyHexBarcode.m */,
				2795D19918C930F4006CEF6F /* NKDPlanetBarcode.h */,
				2795D19A18C930F4006CEF6F /* NKDPlanetBarcode.m */,
				2795D19B18C930F4006CEF6F /* NKDPostnetBarcode.h */,
				2795D19C18C930F4006CEF6F /* NKDPostnetBarcode.m */,
				2795D19D18C930F4006CEF6F /* NKDRoyalMailBarcode.h */,
				2795D19E18C930F4006CEF6F /* NKDRoyalMailBarcode.m */,
				2795D19F18C930F4006CEF6F /* NKDUPCABarcode.h */,
				2795D1A018C930F4006CEF6F /* NKDUPCABarcode.m */,
				2795D1A118C930F4006CEF6F /* NKDUPCEBarcode.h */,
				2795D1A218C930F4006CEF6F /* NKDUPCEBarcode.m */,
				2795D1A318C930F4006CEF6F /* NSString-UPCEAN.h */,
				2795D1A418C930F4006CEF6F /* NSString-UPCEAN.m */,
				2795D1A518C930F4006CEF6F /* UIImage-NKDBarcode.h */,
				2795D1A618C930F4006CEF6F /* UIImage-NKDBarcode.m */,
				2795D1A718C930F4006CEF6F /* UIImage-Normalize.h */,
				2795D1A818C930F4006CEF6F /* UIImage-Normalize.m */,
			);
			path = Barcodes;
			sourceTree = "<group>";
		};
		27B9503E18B6ABCC00EDBE52 /* Scripts */ = {
			isa = PBXGroup;
			children = (
				27B9503F18B6B19200EDBE52 /* Clinics.plist */,
				2712D82A18BBEC5800C59B47 /* FAQ.plist */,
				2712D82C18BBEE3700C59B47 /* News.plist */,
			);
			path = Scripts;
			sourceTree = "<group>";
		};
		6096A40C18BB74D9008064FC /* MBProgressHUD */ = {
			isa = PBXGroup;
			children = (
				6096A40D18BB74D9008064FC /* MBProgressHUD.h */,
				6096A40E18BB74D9008064FC /* MBProgressHUD.m */,
			);
			path = MBProgressHUD;
			sourceTree = "<group>";
		};
		60ACF4E918B624E600A16C2F /* View Controllers */ = {
			isa = PBXGroup;
			children = (
				60ACF4EF18B6261700A16C2F /* UIBaseViewController.h */,
				60ACF4F018B6261700A16C2F /* UIBaseViewController.m */,
				6096A40418BB6D63008064FC /* UISplashScreenViewController.h */,
				6096A40518BB6D63008064FC /* UISplashScreenViewController.m */,
				6096A40718BB6DC8008064FC /* UISplashScreenViewController.xib */,
				27D90D1818CFB2DA00C660FF /* UIMainMenuViewController.h */,
				27D90D1918CFB2DA00C660FF /* UIMainMenuViewController.m */,
				27D90D1A18CFB2DA00C660FF /* UIMainMenuViewController.xib */,
				60ACF4EA18B6256E00A16C2F /* UIMainScreenViewController.h */,
				60ACF4EB18B6256E00A16C2F /* UIMainScreenViewController.m */,
				60ACF4EC18B6256E00A16C2F /* UIMainScreenViewController.xib */,
				60ACF50418B6405E00A16C2F /* UIAboutViewController.h */,
				60ACF50518B6405E00A16C2F /* UIAboutViewController.m */,
				60ACF50618B6405E00A16C2F /* UIAboutViewController.xib */,
				6036753218BC901A008D2CB5 /* UIInfoViewController.h */,
				6036753318BC901A008D2CB5 /* UIInfoViewController.m */,
				6036753418BC901A008D2CB5 /* UIInfoViewController.xib */,
				60F96E2018C0C8AE003FB8E6 /* UIBranchFilterViewController.h */,
				60F96E2118C0C8AE003FB8E6 /* UIBranchFilterViewController.m */,
				60F96E2218C0C8AE003FB8E6 /* UIBranchFilterViewController.xib */,
				60ACF50918B640BF00A16C2F /* UIDoctorCategoryViewController.h */,
				60ACF50A18B640BF00A16C2F /* UIDoctorCategoryViewController.m */,
				60ACF50B18B640BF00A16C2F /* UIDoctorCategoryViewController.xib */,
				60ACF50E18B640D100A16C2F /* UIDoctorListViewController.h */,
				60ACF50F18B640D100A16C2F /* UIDoctorListViewController.m */,
				60ACF51018B640D100A16C2F /* UIDoctorListViewController.xib */,
				60ACF51318B6411B00A16C2F /* UIDoctorDetailsViewController.h */,
				60ACF51418B6411B00A16C2F /* UIDoctorDetailsViewController.m */,
				60ACF51518B6411B00A16C2F /* UIDoctorDetailsViewController.xib */,
				60ACF51818B641B200A16C2F /* UIServiceListViewController.h */,
				60ACF51918B641B200A16C2F /* UIServiceListViewController.m */,
				60ACF51A18B641B200A16C2F /* UIServiceListViewController.xib */,
				60ACF51D18B641CF00A16C2F /* UIServiceDetailsViewController.h */,
				60ACF51E18B641CF00A16C2F /* UIServiceDetailsViewController.m */,
				60ACF51F18B641CF00A16C2F /* UIServiceDetailsViewController.xib */,
				60ACF52218B641EC00A16C2F /* UINewsViewController.h */,
				60ACF52318B641EC00A16C2F /* UINewsViewController.m */,
				60ACF52418B641EC00A16C2F /* UINewsViewController.xib */,
				60ACF52718B6420700A16C2F /* UINewsDetailsViewController.h */,
				60ACF52818B6420700A16C2F /* UINewsDetailsViewController.m */,
				60ACF52918B6420700A16C2F /* UINewsDetailsViewController.xib */,
				60ACF52C18B643B900A16C2F /* UITopTenQuestionsViewController.h */,
				60ACF52D18B643B900A16C2F /* UITopTenQuestionsViewController.m */,
				60ACF52E18B643B900A16C2F /* UITopTenQuestionsViewController.xib */,
				60ACF53118B643D400A16C2F /* UIQuestionAnswerViewController.h */,
				60ACF53218B643D400A16C2F /* UIQuestionAnswerViewController.m */,
				60ACF53318B643D400A16C2F /* UIQuestionAnswerViewController.xib */,
				27B9503918B6AA4B00EDBE52 /* UIHumanSchemeViewController.h */,
				27B9503A18B6AA4B00EDBE52 /* UIHumanSchemeViewController.m */,
				27B9503B18B6AA4B00EDBE52 /* UIHumanSchemeViewController.xib */,
				60ACF53618B6441000A16C2F /* UISymptomsViewController.h */,
				60ACF53718B6441000A16C2F /* UISymptomsViewController.m */,
				60ACF53818B6441000A16C2F /* UISymptomsViewController.xib */,
				60ACF53B18B6446100A16C2F /* UIBranchListViewController.h */,
				60ACF53C18B6446100A16C2F /* UIBranchListViewController.m */,
				60ACF53D18B6446100A16C2F /* UIBranchListViewController.xib */,
				60ACF54018B6447900A16C2F /* UIBranchDetailsViewController.h */,
				60ACF54118B6447900A16C2F /* UIBranchDetailsViewController.m */,
				60ACF54218B6447900A16C2F /* UIBranchDetailsViewController.xib */,
				6036753718BCB063008D2CB5 /* UIMapViewController.h */,
				6036753818BCB063008D2CB5 /* UIMapViewController.m */,
				6036753918BCB063008D2CB5 /* UIMapViewController.xib */,
				60025C1118C4C31900725A1C /* UIBonusCardViewController.h */,
				60025C1218C4C31900725A1C /* UIBonusCardViewController.m */,
				60025C1318C4C31900725A1C /* UIBonusCardViewController.xib */,
			);
			path = "View Controllers";
			sourceTree = "<group>";
		};
		60ACF4F218B6264C00A16C2F /* Extensions */ = {
			isa = PBXGroup;
			children = (
				2716784D18C6E22F00D289E8 /* SynthesizeSingleton.h */,
				6096A40918BB6EFA008064FC /* Utils.h */,
				6096A40A18BB6EFA008064FC /* Utils.m */,
				60ACF4F318B6264C00A16C2F /* NSString+Helper.h */,
				60ACF4F418B6264C00A16C2F /* NSString+Helper.m */,
				60ACF4F518B6264C00A16C2F /* UIImage+Extensions.h */,
				60ACF4F618B6264C00A16C2F /* UIImage+Extensions.m */,
			);
			path = Extensions;
			sourceTree = "<group>";
		};
		60ACF4F918B6273B00A16C2F /* External */ = {
			isa = PBXGroup;
			children = (
				2795D17B18C930F4006CEF6F /* Barcodes */,
				2716785118C6FD4A00D289E8 /* ZBarSDK */,
				6096A40C18BB74D9008064FC /* MBProgressHUD */,
				60ACF4FA18B6273B00A16C2F /* TBMacros */,
			);
			path = External;
			sourceTree = "<group>";
		};
		60ACF4FA18B6273B00A16C2F /* TBMacros */ = {
			isa = PBXGroup;
			children = (
				60ACF4FB18B6273B00A16C2F /* Macros.h */,
				60ACF4FC18B6273B00A16C2F /* README */,
			);
			path = TBMacros;
			sourceTree = "<group>";
		};
		60ACF4FE18B6289B00A16C2F /* Resources */ = {
			isa = PBXGroup;
			children = (
				27B9503E18B6ABCC00EDBE52 /* Scripts */,
				60ACF4FF18B6289B00A16C2F /* Images */,
			);
			path = Resources;
			sourceTree = "<group>";
		};
		60ACF4FF18B6289B00A16C2F /* Images */ = {
			isa = PBXGroup;
			children = (
				2795D17318C9249A006CEF6F /* next.png */,
				2795D17418C9249A006CEF6F /* next@2x.png */,
				2716784918C6DD9100D289E8 /* filter_menu.png */,
				2716784A18C6DD9100D289E8 /* filter_menu@2x.png */,
				60025C0D18C4B6B000725A1C /* faq.png */,
				60025C0E18C4B6B000725A1C /* faq@2x.png */,
				6036752E18BC82B2008D2CB5 /* service.png */,
				6036752F18BC82B2008D2CB5 /* service@2x.png */,
				2712D82F18BC01E600C59B47 /* avatar.png */,
				2712D84118BC025700C59B47 /* avatar@2x.png */,
				6096A41018BB7547008064FC /* Default-568h@2x.png */,
				6096A41118BB7547008064FC /* Default@2x~iphone.png */,
				6096A41218BB7547008064FC /* Default~iphone.png */,
				27B9503218B6995A00EDBE52 /* banner.png */,
				27B9503318B6995A00EDBE52 /* banner@2x.png */,
				27B9503418B6995A00EDBE52 /* logo.png */,
				60ACF50018B6289B00A16C2F /* back.png */,
				60ACF50118B6289B00A16C2F /* back@2x.png */,
			);
			path = Images;
			sourceTree = "<group>";
		};
		60F96E1218C0AAC6003FB8E6 /* Data Model */ = {
			isa = PBXGroup;
			children = (
				60F96E1318C0AAE1003FB8E6 /* Service.h */,
				60F96E1418C0AAE1003FB8E6 /* Service.m */,
				2716784E18C6E24900D289E8 /* DataManager.h */,
				2716784F18C6E24900D289E8 /* DataManager.m */,
			);
			path = "Data Model";
			sourceTree = "<group>";
		};
/* End PBXGroup section */

/* Begin PBXNativeTarget section */
		274BEF4818B1654C00C49814 /* SadkoProto */ = {
			isa = PBXNativeTarget;
			buildConfigurationList = 274BEF7518B1654C00C49814 /* Build configuration list for PBXNativeTarget "SadkoProto" */;
			buildPhases = (
				274BEF4518B1654C00C49814 /* Sources */,
				274BEF4618B1654C00C49814 /* Frameworks */,
				274BEF4718B1654C00C49814 /* Resources */,
			);
			buildRules = (
			);
			dependencies = (
			);
			name = SadkoProto;
			productName = SadkoProto;
			productReference = 274BEF4918B1654C00C49814 /* SadkoProto.app */;
			productType = "com.apple.product-type.application";
		};
		274BEF6318B1654C00C49814 /* SadkoProtoTests */ = {
			isa = PBXNativeTarget;
			buildConfigurationList = 274BEF7818B1654C00C49814 /* Build configuration list for PBXNativeTarget "SadkoProtoTests" */;
			buildPhases = (
				274BEF6018B1654C00C49814 /* Sources */,
				274BEF6118B1654C00C49814 /* Frameworks */,
				274BEF6218B1654C00C49814 /* Resources */,
			);
			buildRules = (
			);
			dependencies = (
				274BEF6A18B1654C00C49814 /* PBXTargetDependency */,
			);
			name = SadkoProtoTests;
			productName = SadkoProtoTests;
			productReference = 274BEF6418B1654C00C49814 /* SadkoProtoTests.xctest */;
			productType = "com.apple.product-type.bundle.unit-test";
		};
/* End PBXNativeTarget section */

/* Begin PBXProject section */
		274BEF4118B1654C00C49814 /* Project object */ = {
			isa = PBXProject;
			attributes = {
				LastUpgradeCheck = 0500;
				ORGANIZATIONNAME = "Stex Group";
				TargetAttributes = {
					274BEF6318B1654C00C49814 = {
						TestTargetID = 274BEF4818B1654C00C49814;
					};
				};
			};
			buildConfigurationList = 274BEF4418B1654C00C49814 /* Build configuration list for PBXProject "SadkoProto" */;
			compatibilityVersion = "Xcode 3.2";
			developmentRegion = English;
			hasScannedForEncodings = 0;
			knownRegions = (
				en,
				ru,
			);
			mainGroup = 274BEF4018B1654C00C49814;
			productRefGroup = 274BEF4A18B1654C00C49814 /* Products */;
			projectDirPath = "";
			projectRoot = "";
			targets = (
				274BEF4818B1654C00C49814 /* SadkoProto */,
				274BEF6318B1654C00C49814 /* SadkoProtoTests */,
			);
		};
/* End PBXProject section */

/* Begin PBXResourcesBuildPhase section */
		274BEF4718B1654C00C49814 /* Resources */ = {
			isa = PBXResourcesBuildPhase;
			buildActionMask = 2147483647;
			files = (
				60025C1018C4B6B000725A1C /* faq@2x.png in Resources */,
				60ACF51718B6411B00A16C2F /* UIDoctorDetailsViewController.xib in Resources */,
				60ACF51C18B641B200A16C2F /* UIServiceListViewController.xib in Resources */,
				60025C0F18C4B6B000725A1C /* faq.png in Resources */,
				27B9503718B6995A00EDBE52 /* logo.png in Resources */,
				60ACF50818B6405E00A16C2F /* UIAboutViewController.xib in Resources */,
				2716787318C6FD4A00D289E8 /* zbar-samples.png in Resources */,
				60ACF52118B641CF00A16C2F /* UIServiceDetailsViewController.xib in Resources */,
				60ACF52618B641EC00A16C2F /* UINewsViewController.xib in Resources */,
				2712D83818BC01E600C59B47 /* avatar.png in Resources */,
				2716787218C6FD4A00D289E8 /* zbar-helpicons.png in Resources */,
				60F96E2418C0C8AE003FB8E6 /* UIBranchFilterViewController.xib in Resources */,
				27B9503618B6995A00EDBE52 /* banner@2x.png in Resources */,
				60ACF4FD18B6273B00A16C2F /* README in Resources */,
				6096A41518BB7547008064FC /* Default~iphone.png in Resources */,
				60ACF52B18B6420700A16C2F /* UINewsDetailsViewController.xib in Resources */,
				2716784C18C6DD9100D289E8 /* filter_menu@2x.png in Resources */,
				6036753618BC901A008D2CB5 /* UIInfoViewController.xib in Resources */,
				60ACF51218B640D100A16C2F /* UIDoctorListViewController.xib in Resources */,
				6036753B18BCB063008D2CB5 /* UIMapViewController.xib in Resources */,
				2712D82B18BBEC5800C59B47 /* FAQ.plist in Resources */,
				6036753018BC82B2008D2CB5 /* service.png in Resources */,
				60ACF53A18B6441000A16C2F /* UISymptomsViewController.xib in Resources */,
				2795D17618C9249A006CEF6F /* next@2x.png in Resources */,
				60ACF53518B643D400A16C2F /* UIQuestionAnswerViewController.xib in Resources */,
				27B9504018B6B19200EDBE52 /* Clinics.plist in Resources */,
				60ACF50218B6289B00A16C2F /* back.png in Resources */,
				60025C1518C4C31900725A1C /* UIBonusCardViewController.xib in Resources */,
				60ACF4EE18B6256E00A16C2F /* UIMainScreenViewController.xib in Resources */,
				60ACF50D18B640BF00A16C2F /* UIDoctorCategoryViewController.xib in Resources */,
				27B9503D18B6AA4C00EDBE52 /* UIHumanSchemeViewController.xib in Resources */,
				60ACF54418B6447900A16C2F /* UIBranchDetailsViewController.xib in Resources */,
				2716787118C6FD4A00D289E8 /* zbar-help.html in Resources */,
				6096A41318BB7547008064FC /* Default-568h@2x.png in Resources */,
				274BEF5F18B1654C00C49814 /* Images.xcassets in Resources */,
				2716787018C6FD4A00D289E8 /* zbar-back.png in Resources */,
				2712D82D18BBEE3700C59B47 /* News.plist in Resources */,
				27D90D1C18CFB2DA00C660FF /* UIMainMenuViewController.xib in Resources */,
				2712D84218BC025700C59B47 /* avatar@2x.png in Resources */,
				60ACF50318B6289B00A16C2F /* back@2x.png in Resources */,
				6036753118BC82B2008D2CB5 /* service@2x.png in Resources */,
				2795D17518C9249A006CEF6F /* next.png in Resources */,
				2716784B18C6DD9100D289E8 /* filter_menu.png in Resources */,
				60A0562118CA047200EBFC27 /* InfoPlist.strings in Resources */,
				60ACF53F18B6446100A16C2F /* UIBranchListViewController.xib in Resources */,
				60ACF53018B643B900A16C2F /* UITopTenQuestionsViewController.xib in Resources */,
				6096A41418BB7547008064FC /* Default@2x~iphone.png in Resources */,
				27B9503518B6995A00EDBE52 /* banner.png in Resources */,
				6096A40818BB6DC8008064FC /* UISplashScreenViewController.xib in Resources */,
			);
			runOnlyForDeploymentPostprocessing = 0;
		};
		274BEF6218B1654C00C49814 /* Resources */ = {
			isa = PBXResourcesBuildPhase;
			buildActionMask = 2147483647;
			files = (
				274BEF7018B1654C00C49814 /* InfoPlist.strings in Resources */,
			);
			runOnlyForDeploymentPostprocessing = 0;
		};
/* End PBXResourcesBuildPhase section */

/* Begin PBXSourcesBuildPhase section */
		274BEF4518B1654C00C49814 /* Sources */ = {
			isa = PBXSourcesBuildPhase;
			buildActionMask = 2147483647;
			files = (
				60025C1418C4C31900725A1C /* UIBonusCardViewController.m in Sources */,
				60ACF54318B6447900A16C2F /* UIBranchDetailsViewController.m in Sources */,
				6096A40B18BB6EFA008064FC /* Utils.m in Sources */,
				6036753518BC901A008D2CB5 /* UIInfoViewController.m in Sources */,
				60F96E1518C0AAE1003FB8E6 /* Service.m in Sources */,
				2795D1B718C930F4006CEF6F /* NKDPlanetBarcode.m in Sources */,
				6096A40F18BB74D9008064FC /* MBProgressHUD.m in Sources */,
				60ACF53418B643D400A16C2F /* UIQuestionAnswerViewController.m in Sources */,
				2795D1B918C930F4006CEF6F /* NKDRoyalMailBarcode.m in Sources */,
				2795D1BE18C930F4006CEF6F /* UIImage-Normalize.m in Sources */,
				2795D1B818C930F4006CEF6F /* NKDPostnetBarcode.m in Sources */,
				60F96E2318C0C8AE003FB8E6 /* UIBranchFilterViewController.m in Sources */,
				60ACF4F718B6264C00A16C2F /* NSString+Helper.m in Sources */,
				2795D1A918C930F4006CEF6F /* JapanPostBarcode.m in Sources */,
				2795D1AB18C930F4006CEF6F /* NKDBarcode.m in Sources */,
				2795D1AF18C930F4006CEF6F /* NKDCode39Barcode.m in Sources */,
				2795D1AC18C930F4006CEF6F /* NKDBarcodeOffscreenView.m in Sources */,
				2795D1B318C930F4006CEF6F /* NKDIndustrialTwoOfFiveBarcode.m in Sources */,
				27B9503C18B6AA4C00EDBE52 /* UIHumanSchemeViewController.m in Sources */,
				2795D1BD18C930F4006CEF6F /* UIImage-NKDBarcode.m in Sources */,
				60ACF4F818B6264C00A16C2F /* UIImage+Extensions.m in Sources */,
				2795D1AA18C930F4006CEF6F /* NKDAbstractUPCEANBarcode.m in Sources */,
				60ACF51618B6411B00A16C2F /* UIDoctorDetailsViewController.m in Sources */,
				2795D1B018C930F4006CEF6F /* NKDEAN13Barcode.m in Sources */,
				60ACF53E18B6446100A16C2F /* UIBranchListViewController.m in Sources */,
				60ACF50C18B640BF00A16C2F /* UIDoctorCategoryViewController.m in Sources */,
				60ACF52518B641EC00A16C2F /* UINewsViewController.m in Sources */,
				2795D1B118C930F4006CEF6F /* NKDEAN8Barcode.m in Sources */,
				2795D1B418C930F4006CEF6F /* NKDInterleavedTwoOfFiveBarcode.m in Sources */,
				60ACF4ED18B6256E00A16C2F /* UIMainScreenViewController.m in Sources */,
				2795D1BA18C930F4006CEF6F /* NKDUPCABarcode.m in Sources */,
				2795D1B218C930F4006CEF6F /* NKDExtendedCode39Barcode.m in Sources */,
				60ACF52A18B6420700A16C2F /* UINewsDetailsViewController.m in Sources */,
				2795D1AD18C930F4006CEF6F /* NKDCodabarBarcode.m in Sources */,
				60ACF4F118B6261700A16C2F /* UIBaseViewController.m in Sources */,
				60ACF52018B641CF00A16C2F /* UIServiceDetailsViewController.m in Sources */,
				27D90D1B18CFB2DA00C660FF /* UIMainMenuViewController.m in Sources */,
				274BEF5D18B1654C00C49814 /* AppDelegate.m in Sources */,
				60ACF52F18B643B900A16C2F /* UITopTenQuestionsViewController.m in Sources */,
				6096A40618BB6D63008064FC /* UISplashScreenViewController.m in Sources */,
				2795D1B618C930F4006CEF6F /* NKDModifiedPlesseyHexBarcode.m in Sources */,
				60ACF51B18B641B200A16C2F /* UIServiceListViewController.m in Sources */,
				2795D1BC18C930F4006CEF6F /* NSString-UPCEAN.m in Sources */,
				6036753A18BCB063008D2CB5 /* UIMapViewController.m in Sources */,
				2795D1BB18C930F4006CEF6F /* NKDUPCEBarcode.m in Sources */,
				60ACF51118B640D100A16C2F /* UIDoctorListViewController.m in Sources */,
				274BEF5918B1654C00C49814 /* main.m in Sources */,
				60ACF53918B6441000A16C2F /* UISymptomsViewController.m in Sources */,
				2795D1AE18C930F4006CEF6F /* NKDCode128Barcode.m in Sources */,
				2795D1B518C930F4006CEF6F /* NKDModifiedPlesseyBarcode.m in Sources */,
				2716785018C6E24900D289E8 /* DataManager.m in Sources */,
				60ACF50718B6405E00A16C2F /* UIAboutViewController.m in Sources */,
			);
			runOnlyForDeploymentPostprocessing = 0;
		};
		274BEF6018B1654C00C49814 /* Sources */ = {
			isa = PBXSourcesBuildPhase;
			buildActionMask = 2147483647;
			files = (
				274BEF7218B1654C00C49814 /* SadkoProtoTests.m in Sources */,
			);
			runOnlyForDeploymentPostprocessing = 0;
		};
/* End PBXSourcesBuildPhase section */

/* Begin PBXTargetDependency section */
		274BEF6A18B1654C00C49814 /* PBXTargetDependency */ = {
			isa = PBXTargetDependency;
			target = 274BEF4818B1654C00C49814 /* SadkoProto */;
			targetProxy = 274BEF6918B1654C00C49814 /* PBXContainerItemProxy */;
		};
/* End PBXTargetDependency section */

/* Begin PBXVariantGroup section */
		274BEF6E18B1654C00C49814 /* InfoPlist.strings */ = {
			isa = PBXVariantGroup;
			children = (
				274BEF6F18B1654C00C49814 /* en */,
			);
			name = InfoPlist.strings;
			sourceTree = "<group>";
		};
		60A0561F18CA047200EBFC27 /* InfoPlist.strings */ = {
			isa = PBXVariantGroup;
			children = (
				60A0562018CA047200EBFC27 /* ru */,
				60A0562618CA050700EBFC27 /* en */,
			);
			name = InfoPlist.strings;
			sourceTree = "<group>";
		};
/* End PBXVariantGroup section */

/* Begin XCBuildConfiguration section */
		274BEF7318B1654C00C49814 /* Debug */ = {
			isa = XCBuildConfiguration;
			buildSettings = {
				ALWAYS_SEARCH_USER_PATHS = NO;
				ARCHS = "$(ARCHS_STANDARD_INCLUDING_64_BIT)";
				CLANG_CXX_LANGUAGE_STANDARD = "gnu++0x";
				CLANG_CXX_LIBRARY = "libc++";
				CLANG_ENABLE_MODULES = YES;
				CLANG_ENABLE_OBJC_ARC = YES;
				CLANG_WARN_BOOL_CONVERSION = YES;
				CLANG_WARN_CONSTANT_CONVERSION = YES;
				CLANG_WARN_DIRECT_OBJC_ISA_USAGE = YES_ERROR;
				CLANG_WARN_EMPTY_BODY = YES;
				CLANG_WARN_ENUM_CONVERSION = YES;
				CLANG_WARN_INT_CONVERSION = YES;
				CLANG_WARN_OBJC_ROOT_CLASS = YES_ERROR;
				CLANG_WARN__DUPLICATE_METHOD_MATCH = YES;
				"CODE_SIGN_IDENTITY[sdk=iphoneos*]" = "iPhone Developer";
				COPY_PHASE_STRIP = NO;
				GCC_C_LANGUAGE_STANDARD = gnu99;
				GCC_DYNAMIC_NO_PIC = NO;
				GCC_OPTIMIZATION_LEVEL = 0;
				GCC_PREPROCESSOR_DEFINITIONS = (
					"DEBUG=1",
					"$(inherited)",
				);
				GCC_SYMBOLS_PRIVATE_EXTERN = NO;
				GCC_WARN_64_TO_32_BIT_CONVERSION = YES;
				GCC_WARN_ABOUT_RETURN_TYPE = YES_ERROR;
				GCC_WARN_UNDECLARED_SELECTOR = YES;
				GCC_WARN_UNINITIALIZED_AUTOS = YES;
				GCC_WARN_UNUSED_FUNCTION = YES;
				GCC_WARN_UNUSED_VARIABLE = YES;
				IPHONEOS_DEPLOYMENT_TARGET = 7.0;
				ONLY_ACTIVE_ARCH = YES;
				SDKROOT = iphoneos;
				TARGETED_DEVICE_FAMILY = "1,2";
			};
			name = Debug;
		};
		274BEF7418B1654C00C49814 /* Release */ = {
			isa = XCBuildConfiguration;
			buildSettings = {
				ALWAYS_SEARCH_USER_PATHS = NO;
				ARCHS = "$(ARCHS_STANDARD_INCLUDING_64_BIT)";
				CLANG_CXX_LANGUAGE_STANDARD = "gnu++0x";
				CLANG_CXX_LIBRARY = "libc++";
				CLANG_ENABLE_MODULES = YES;
				CLANG_ENABLE_OBJC_ARC = YES;
				CLANG_WARN_BOOL_CONVERSION = YES;
				CLANG_WARN_CONSTANT_CONVERSION = YES;
				CLANG_WARN_DIRECT_OBJC_ISA_USAGE = YES_ERROR;
				CLANG_WARN_EMPTY_BODY = YES;
				CLANG_WARN_ENUM_CONVERSION = YES;
				CLANG_WARN_INT_CONVERSION = YES;
				CLANG_WARN_OBJC_ROOT_CLASS = YES_ERROR;
				CLANG_WARN__DUPLICATE_METHOD_MATCH = YES;
				"CODE_SIGN_IDENTITY[sdk=iphoneos*]" = "iPhone Developer";
				COPY_PHASE_STRIP = YES;
				ENABLE_NS_ASSERTIONS = NO;
				GCC_C_LANGUAGE_STANDARD = gnu99;
				GCC_WARN_64_TO_32_BIT_CONVERSION = YES;
				GCC_WARN_ABOUT_RETURN_TYPE = YES_ERROR;
				GCC_WARN_UNDECLARED_SELECTOR = YES;
				GCC_WARN_UNINITIALIZED_AUTOS = YES;
				GCC_WARN_UNUSED_FUNCTION = YES;
				GCC_WARN_UNUSED_VARIABLE = YES;
				IPHONEOS_DEPLOYMENT_TARGET = 7.0;
				SDKROOT = iphoneos;
				TARGETED_DEVICE_FAMILY = "1,2";
				VALIDATE_PRODUCT = YES;
			};
			name = Release;
		};
		274BEF7618B1654C00C49814 /* Debug */ = {
			isa = XCBuildConfiguration;
			buildSettings = {
				ASSETCATALOG_COMPILER_APPICON_NAME = AppIcon;
				ASSETCATALOG_COMPILER_LAUNCHIMAGE_NAME = LaunchImage;
				CLANG_ENABLE_OBJC_ARC = NO;
				CODE_SIGN_IDENTITY = "iPhone Developer: ARTEMIY SYROV (U9HN5F9WJ2)";
				"CODE_SIGN_IDENTITY[sdk=iphoneos*]" = "iPhone Developer: ARTEMIY SYROV (U9HN5F9WJ2)";
				GCC_PRECOMPILE_PREFIX_HEADER = YES;
				GCC_PREFIX_HEADER = "SadkoProto/SadkoProto-Prefix.pch";
				INFOPLIST_FILE = "SadkoProto/SadkoProto-Info.plist";
				IPHONEOS_DEPLOYMENT_TARGET = 6.0;
				LIBRARY_SEARCH_PATHS = (
					"$(inherited)",
					"$(SRCROOT)/SadkoProto/External/ZBarSDK",
				);
				PRODUCT_NAME = "$(TARGET_NAME)";
				PROVISIONING_PROFILE = "D9BEA6A9-98AB-4069-88D2-88D15940A765";
				TARGETED_DEVICE_FAMILY = 1;
				VALID_ARCHS = "arm64 armv7 armv7s";
				WRAPPER_EXTENSION = app;
			};
			name = Debug;
		};
		274BEF7718B1654C00C49814 /* Release */ = {
			isa = XCBuildConfiguration;
			buildSettings = {
				ASSETCATALOG_COMPILER_APPICON_NAME = AppIcon;
				ASSETCATALOG_COMPILER_LAUNCHIMAGE_NAME = LaunchImage;
				CLANG_ENABLE_OBJC_ARC = NO;
				CODE_SIGN_IDENTITY = "iPhone Developer: ARTEMIY SYROV (U9HN5F9WJ2)";
				"CODE_SIGN_IDENTITY[sdk=iphoneos*]" = "iPhone Developer: ARTEMIY SYROV (U9HN5F9WJ2)";
				GCC_PRECOMPILE_PREFIX_HEADER = YES;
				GCC_PREFIX_HEADER = "SadkoProto/SadkoProto-Prefix.pch";
				INFOPLIST_FILE = "SadkoProto/SadkoProto-Info.plist";
				IPHONEOS_DEPLOYMENT_TARGET = 6.0;
				LIBRARY_SEARCH_PATHS = (
					"$(inherited)",
					"$(SRCROOT)/SadkoProto/External/ZBarSDK",
				);
				PRODUCT_NAME = "$(TARGET_NAME)";
				PROVISIONING_PROFILE = "D9BEA6A9-98AB-4069-88D2-88D15940A765";
				TARGETED_DEVICE_FAMILY = 1;
				VALID_ARCHS = "arm64 armv7 armv7s";
				WRAPPER_EXTENSION = app;
			};
			name = Release;
		};
		274BEF7918B1654C00C49814 /* Debug */ = {
			isa = XCBuildConfiguration;
			buildSettings = {
				ARCHS = "$(ARCHS_STANDARD_INCLUDING_64_BIT)";
				BUNDLE_LOADER = "$(BUILT_PRODUCTS_DIR)/SadkoProto.app/SadkoProto";
				FRAMEWORK_SEARCH_PATHS = (
					"$(SDKROOT)/Developer/Library/Frameworks",
					"$(inherited)",
					"$(DEVELOPER_FRAMEWORKS_DIR)",
				);
				GCC_PRECOMPILE_PREFIX_HEADER = YES;
				GCC_PREFIX_HEADER = "SadkoProto/SadkoProto-Prefix.pch";
				GCC_PREPROCESSOR_DEFINITIONS = (
					"DEBUG=1",
					"$(inherited)",
				);
				INFOPLIST_FILE = "SadkoProtoTests/SadkoProtoTests-Info.plist";
				PRODUCT_NAME = "$(TARGET_NAME)";
				TEST_HOST = "$(BUNDLE_LOADER)";
				WRAPPER_EXTENSION = xctest;
			};
			name = Debug;
		};
		274BEF7A18B1654C00C49814 /* Release */ = {
			isa = XCBuildConfiguration;
			buildSettings = {
				ARCHS = "$(ARCHS_STANDARD_INCLUDING_64_BIT)";
				BUNDLE_LOADER = "$(BUILT_PRODUCTS_DIR)/SadkoProto.app/SadkoProto";
				FRAMEWORK_SEARCH_PATHS = (
					"$(SDKROOT)/Developer/Library/Frameworks",
					"$(inherited)",
					"$(DEVELOPER_FRAMEWORKS_DIR)",
				);
				GCC_PRECOMPILE_PREFIX_HEADER = YES;
				GCC_PREFIX_HEADER = "SadkoProto/SadkoProto-Prefix.pch";
				INFOPLIST_FILE = "SadkoProtoTests/SadkoProtoTests-Info.plist";
				PRODUCT_NAME = "$(TARGET_NAME)";
				TEST_HOST = "$(BUNDLE_LOADER)";
				WRAPPER_EXTENSION = xctest;
			};
			name = Release;
		};
/* End XCBuildConfiguration section */

/* Begin XCConfigurationList section */
		274BEF4418B1654C00C49814 /* Build configuration list for PBXProject "SadkoProto" */ = {
			isa = XCConfigurationList;
			buildConfigurations = (
				274BEF7318B1654C00C49814 /* Debug */,
				274BEF7418B1654C00C49814 /* Release */,
			);
			defaultConfigurationIsVisible = 0;
			defaultConfigurationName = Release;
		};
		274BEF7518B1654C00C49814 /* Build configuration list for PBXNativeTarget "SadkoProto" */ = {
			isa = XCConfigurationList;
			buildConfigurations = (
				274BEF7618B1654C00C49814 /* Debug */,
				274BEF7718B1654C00C49814 /* Release */,
			);
			defaultConfigurationIsVisible = 0;
			defaultConfigurationName = Release;
		};
		274BEF7818B1654C00C49814 /* Build configuration list for PBXNativeTarget "SadkoProtoTests" */ = {
			isa = XCConfigurationList;
			buildConfigurations = (
				274BEF7918B1654C00C49814 /* Debug */,
				274BEF7A18B1654C00C49814 /* Release */,
			);
			defaultConfigurationIsVisible = 0;
			defaultConfigurationName = Release;
		};
/* End XCConfigurationList section */
	};
	rootObject = 274BEF4118B1654C00C49814 /* Project object */;
}
